// !$*UTF8*$!
{
	archiveVersion = 1;
	classes = {
	};
	objectVersion = 46;
	objects = {

/* Begin PBXBuildFile section */
		EA2B9B48192C52FC0016509A /* Foundation.framework in Frameworks */ = {isa = PBXBuildFile; fileRef = EA2B9B47192C52FC0016509A /* Foundation.framework */; };
		EA2B9B6E192C53250016509A /* CoreText.framework in Frameworks */ = {isa = PBXBuildFile; fileRef = EA2B9B6D192C53250016509A /* CoreText.framework */; };
		EA2B9B76192C54A30016509A /* XMLDocument.m in Sources */ = {isa = PBXBuildFile; fileRef = EA2B9B75192C54A30016509A /* XMLDocument.m */; };
		EA2B9B79192C5A740016509A /* XMLElement.m in Sources */ = {isa = PBXBuildFile; fileRef = EA2B9B78192C5A740016509A /* XMLElement.m */; };
		EA2B9B7C192C6B460016509A /* NSString+Tags.m in Sources */ = {isa = PBXBuildFile; fileRef = EA2B9B7B192C6B460016509A /* NSString+Tags.m */; };
		EA2B9B7F192C6B5D0016509A /* NSString+Entities.m in Sources */ = {isa = PBXBuildFile; fileRef = EA2B9B7E192C6B5D0016509A /* NSString+Entities.m */; };
		EA2B9B82192C6B6C0016509A /* NSDictionary+Parameters.m in Sources */ = {isa = PBXBuildFile; fileRef = EA2B9B81192C6B6C0016509A /* NSDictionary+Parameters.m */; };
		EA2B9B85192C6B7A0016509A /* NSString+URLEncoding.m in Sources */ = {isa = PBXBuildFile; fileRef = EA2B9B84192C6B7A0016509A /* NSString+URLEncoding.m */; };
		EA2B9B88192C6B870016509A /* NSObject+PerformSelector.m in Sources */ = {isa = PBXBuildFile; fileRef = EA2B9B87192C6B870016509A /* NSObject+PerformSelector.m */; };
		EA2B9B8B192C6B950016509A /* NSString+RemoveSuffix.m in Sources */ = {isa = PBXBuildFile; fileRef = EA2B9B8A192C6B950016509A /* NSString+RemoveSuffix.m */; };
		EA2B9B8E192C6BA40016509A /* NSURL+Parameters.m in Sources */ = {isa = PBXBuildFile; fileRef = EA2B9B8D192C6BA40016509A /* NSURL+Parameters.m */; };
		EA2B9B91192C6BB20016509A /* NSDate+TimeAgo.m in Sources */ = {isa = PBXBuildFile; fileRef = EA2B9B90192C6BB20016509A /* NSDate+TimeAgo.m */; };
		EA2B9B95192C70580016509A /* NETNetworkActivityController.m in Sources */ = {isa = PBXBuildFile; fileRef = EA2B9B94192C70580016509A /* NETNetworkActivityController.m */; };
		EA2B9B98192C70D00016509A /* NETAnonymousSession.m in Sources */ = {isa = PBXBuildFile; fileRef = EA2B9B97192C70D00016509A /* NETAnonymousSession.m */; };
		EA2B9B9B192C71400016509A /* NETAPIRequest.m in Sources */ = {isa = PBXBuildFile; fileRef = EA2B9B9A192C71400016509A /* NETAPIRequest.m */; };
		EA2B9B9E192C719B0016509A /* NETAPIRequestParser.m in Sources */ = {isa = PBXBuildFile; fileRef = EA2B9B9D192C719B0016509A /* NETAPIRequestParser.m */; };
		EA2B9BA1192C71E40016509A /* NETAPISearch.m in Sources */ = {isa = PBXBuildFile; fileRef = EA2B9BA0192C71E40016509A /* NETAPISearch.m */; };
		EA2B9BA4192C72370016509A /* NETAPISubmission.m in Sources */ = {isa = PBXBuildFile; fileRef = EA2B9BA3192C72370016509A /* NETAPISubmission.m */; };
		EA2B9BA7192C729D0016509A /* NETContainer.m in Sources */ = {isa = PBXBuildFile; fileRef = EA2B9BA6192C729D0016509A /* NETContainer.m */; };
		EA2B9BAA192C72EA0016509A /* NETEntry.m in Sources */ = {isa = PBXBuildFile; fileRef = EA2B9BA9192C72EA0016509A /* NETEntry.m */; };
		EA2B9BAD192C73530016509A /* NETEntryList.m in Sources */ = {isa = PBXBuildFile; fileRef = EA2B9BAC192C73530016509A /* NETEntryList.m */; };
		EA2B9BB0192C73910016509A /* NETObject.m in Sources */ = {isa = PBXBuildFile; fileRef = EA2B9BAF192C73910016509A /* NETObject.m */; };
		EA2B9BB3192C73DD0016509A /* NETObjectBodyRenderer.m in Sources */ = {isa = PBXBuildFile; fileRef = EA2B9BB2192C73DD0016509A /* NETObjectBodyRenderer.m */; };
		EA2B9BB6192C74160016509A /* NETObjectCache.m in Sources */ = {isa = PBXBuildFile; fileRef = EA2B9BB5192C74160016509A /* NETObjectCache.m */; };
		EA2B9BB9192C74560016509A /* NETSession.m in Sources */ = {isa = PBXBuildFile; fileRef = EA2B9BB8192C74560016509A /* NETSession.m */; };
		EA2B9BBC192C74970016509A /* NETSessionAuthenticator.m in Sources */ = {isa = PBXBuildFile; fileRef = EA2B9BBB192C74970016509A /* NETSessionAuthenticator.m */; };
		EA2B9BBF192C74D30016509A /* NETSessionController.m in Sources */ = {isa = PBXBuildFile; fileRef = EA2B9BBE192C74D30016509A /* NETSessionController.m */; };
		EA2B9BC2192C75070016509A /* NETSubmission.m in Sources */ = {isa = PBXBuildFile; fileRef = EA2B9BC1192C75070016509A /* NETSubmission.m */; };
		EA2B9BC5192C75410016509A /* NETUser.m in Sources */ = {isa = PBXBuildFile; fileRef = EA2B9BC4192C75410016509A /* NETUser.m */; };
		EA35848F192C870A00A6FB1D /* NSString+Tags.h in CopyFiles */ = {isa = PBXBuildFile; fileRef = EA2B9B7A192C6B460016509A /* NSString+Tags.h */; };
		EA358490192C870A00A6FB1D /* NSString+Entities.h in CopyFiles */ = {isa = PBXBuildFile; fileRef = EA2B9B7D192C6B5D0016509A /* NSString+Entities.h */; };
		EA358491192C870A00A6FB1D /* NSDictionary+Parameters.h in CopyFiles */ = {isa = PBXBuildFile; fileRef = EA2B9B80192C6B6C0016509A /* NSDictionary+Parameters.h */; };
		EA358492192C870A00A6FB1D /* NSString+URLEncoding.h in CopyFiles */ = {isa = PBXBuildFile; fileRef = EA2B9B83192C6B7A0016509A /* NSString+URLEncoding.h */; };
		EA358493192C870A00A6FB1D /* NSObject+PerformSelector.h in CopyFiles */ = {isa = PBXBuildFile; fileRef = EA2B9B86192C6B870016509A /* NSObject+PerformSelector.h */; };
		EA358494192C870A00A6FB1D /* NSString+RemoveSuffix.h in CopyFiles */ = {isa = PBXBuildFile; fileRef = EA2B9B89192C6B950016509A /* NSString+RemoveSuffix.h */; };
		EA358495192C870A00A6FB1D /* NSURL+Parameters.h in CopyFiles */ = {isa = PBXBuildFile; fileRef = EA2B9B8C192C6BA40016509A /* NSURL+Parameters.h */; };
		EA358496192C870A00A6FB1D /* NSDate+TimeAgo.h in CopyFiles */ = {isa = PBXBuildFile; fileRef = EA2B9B8F192C6BB20016509A /* NSDate+TimeAgo.h */; };
		EA358497192C870A00A6FB1D /* XMLDocument.h in CopyFiles */ = {isa = PBXBuildFile; fileRef = EA2B9B74192C54A30016509A /* XMLDocument.h */; };
		EA358498192C870A00A6FB1D /* XMLElement.h in CopyFiles */ = {isa = PBXBuildFile; fileRef = EA2B9B77192C5A740016509A /* XMLElement.h */; };
		EA358499192C870A00A6FB1D /* NETKit.h in CopyFiles */ = {isa = PBXBuildFile; fileRef = EA2B9B4C192C52FC0016509A /* NETKit.h */; };
		EA35849A192C870A00A6FB1D /* NETShared.h in CopyFiles */ = {isa = PBXBuildFile; fileRef = EA2B9B92192C6F5F0016509A /* NETShared.h */; };
		EA35849B192C870A00A6FB1D /* NETNetworkActivityController.h in CopyFiles */ = {isa = PBXBuildFile; fileRef = EA2B9B93192C70580016509A /* NETNetworkActivityController.h */; };
		EA35849C192C870A00A6FB1D /* NETAnonymousSession.h in CopyFiles */ = {isa = PBXBuildFile; fileRef = EA2B9B96192C70D00016509A /* NETAnonymousSession.h */; };
		EA35849D192C870A00A6FB1D /* NETAPIRequest.h in CopyFiles */ = {isa = PBXBuildFile; fileRef = EA2B9B99192C71400016509A /* NETAPIRequest.h */; };
		EA35849E192C870A00A6FB1D /* NETAPIRequestParser.h in CopyFiles */ = {isa = PBXBuildFile; fileRef = EA2B9B9C192C719B0016509A /* NETAPIRequestParser.h */; };
		EA35849F192C870A00A6FB1D /* NETAPISearch.h in CopyFiles */ = {isa = PBXBuildFile; fileRef = EA2B9B9F192C71E40016509A /* NETAPISearch.h */; };
		EA3584A0192C870A00A6FB1D /* NETAPISubmission.h in CopyFiles */ = {isa = PBXBuildFile; fileRef = EA2B9BA2192C72370016509A /* NETAPISubmission.h */; };
		EA3584A1192C870A00A6FB1D /* NETContainer.h in CopyFiles */ = {isa = PBXBuildFile; fileRef = EA2B9BA5192C729D0016509A /* NETContainer.h */; };
		EA3584A2192C870A00A6FB1D /* NETEntry.h in CopyFiles */ = {isa = PBXBuildFile; fileRef = EA2B9BA8192C72EA0016509A /* NETEntry.h */; };
		EA3584A3192C870A00A6FB1D /* NETEntryList.h in CopyFiles */ = {isa = PBXBuildFile; fileRef = EA2B9BAB192C73530016509A /* NETEntryList.h */; };
		EA3584A4192C870A00A6FB1D /* NETObject.h in CopyFiles */ = {isa = PBXBuildFile; fileRef = EA2B9BAE192C73910016509A /* NETObject.h */; };
		EA3584A5192C870A00A6FB1D /* NETObjectBodyRenderer.h in CopyFiles */ = {isa = PBXBuildFile; fileRef = EA2B9BB1192C73DD0016509A /* NETObjectBodyRenderer.h */; };
		EA3584A6192C870A00A6FB1D /* NETObjectCache.h in CopyFiles */ = {isa = PBXBuildFile; fileRef = EA2B9BB4192C74160016509A /* NETObjectCache.h */; };
		EA3584A7192C870A00A6FB1D /* NETSession.h in CopyFiles */ = {isa = PBXBuildFile; fileRef = EA2B9BB7192C74560016509A /* NETSession.h */; };
		EA3584A8192C870A00A6FB1D /* NETSessionAuthenticator.h in CopyFiles */ = {isa = PBXBuildFile; fileRef = EA2B9BBA192C74970016509A /* NETSessionAuthenticator.h */; };
		EA3584A9192C870A00A6FB1D /* NETSessionController.h in CopyFiles */ = {isa = PBXBuildFile; fileRef = EA2B9BBD192C74D30016509A /* NETSessionController.h */; };
		EA3584AA192C870A00A6FB1D /* NETSubmission.h in CopyFiles */ = {isa = PBXBuildFile; fileRef = EA2B9BC0192C75070016509A /* NETSubmission.h */; };
		EA3584AB192C870A00A6FB1D /* NETUser.h in CopyFiles */ = {isa = PBXBuildFile; fileRef = EA2B9BC3192C75410016509A /* NETUser.h */; };
		EA358575192C9D1100A6FB1D /* libxml2.dylib in Frameworks */ = {isa = PBXBuildFile; fileRef = EA358574192C9D1100A6FB1D /* libxml2.dylib */; };
/* End PBXBuildFile section */

/* Begin PBXCopyFilesBuildPhase section */
		EA2B9B42192C52FC0016509A /* CopyFiles */ = {
			isa = PBXCopyFilesBuildPhase;
			buildActionMask = 12;
			dstPath = "include/$(PRODUCT_NAME)";
			dstSubfolderSpec = 16;
			files = (
			);
			runOnlyForDeploymentPostprocessing = 0;
		};
		EA358485192C864F00A6FB1D /* CopyFiles */ = {
			isa = PBXCopyFilesBuildPhase;
			buildActionMask = 2147483647;
			dstPath = "include/${PRODUCT_NAME}";
			dstSubfolderSpec = 16;
			files = (
				EA35848F192C870A00A6FB1D /* NSString+Tags.h in CopyFiles */,
				EA358490192C870A00A6FB1D /* NSString+Entities.h in CopyFiles */,
				EA358491192C870A00A6FB1D /* NSDictionary+Parameters.h in CopyFiles */,
				EA358492192C870A00A6FB1D /* NSString+URLEncoding.h in CopyFiles */,
				EA358493192C870A00A6FB1D /* NSObject+PerformSelector.h in CopyFiles */,
				EA358494192C870A00A6FB1D /* NSString+RemoveSuffix.h in CopyFiles */,
				EA358495192C870A00A6FB1D /* NSURL+Parameters.h in CopyFiles */,
				EA358496192C870A00A6FB1D /* NSDate+TimeAgo.h in CopyFiles */,
				EA358497192C870A00A6FB1D /* XMLDocument.h in CopyFiles */,
				EA358498192C870A00A6FB1D /* XMLElement.h in CopyFiles */,
				EA358499192C870A00A6FB1D /* NETKit.h in CopyFiles */,
				EA35849A192C870A00A6FB1D /* NETShared.h in CopyFiles */,
				EA35849B192C870A00A6FB1D /* NETNetworkActivityController.h in CopyFiles */,
				EA35849C192C870A00A6FB1D /* NETAnonymousSession.h in CopyFiles */,
				EA35849D192C870A00A6FB1D /* NETAPIRequest.h in CopyFiles */,
				EA35849E192C870A00A6FB1D /* NETAPIRequestParser.h in CopyFiles */,
				EA35849F192C870A00A6FB1D /* NETAPISearch.h in CopyFiles */,
				EA3584A0192C870A00A6FB1D /* NETAPISubmission.h in CopyFiles */,
				EA3584A1192C870A00A6FB1D /* NETContainer.h in CopyFiles */,
				EA3584A2192C870A00A6FB1D /* NETEntry.h in CopyFiles */,
				EA3584A3192C870A00A6FB1D /* NETEntryList.h in CopyFiles */,
				EA3584A4192C870A00A6FB1D /* NETObject.h in CopyFiles */,
				EA3584A5192C870A00A6FB1D /* NETObjectBodyRenderer.h in CopyFiles */,
				EA3584A6192C870A00A6FB1D /* NETObjectCache.h in CopyFiles */,
				EA3584A7192C870A00A6FB1D /* NETSession.h in CopyFiles */,
				EA3584A8192C870A00A6FB1D /* NETSessionAuthenticator.h in CopyFiles */,
				EA3584A9192C870A00A6FB1D /* NETSessionController.h in CopyFiles */,
				EA3584AA192C870A00A6FB1D /* NETSubmission.h in CopyFiles */,
				EA3584AB192C870A00A6FB1D /* NETUser.h in CopyFiles */,
			);
			runOnlyForDeploymentPostprocessing = 0;
		};
/* End PBXCopyFilesBuildPhase section */

/* Begin PBXFileReference section */
		EA2B9B44192C52FC0016509A /* libNETKit.a */ = {isa = PBXFileReference; explicitFileType = archive.ar; includeInIndex = 0; path = libNETKit.a; sourceTree = BUILT_PRODUCTS_DIR; };
		EA2B9B47192C52FC0016509A /* Foundation.framework */ = {isa = PBXFileReference; lastKnownFileType = wrapper.framework; name = Foundation.framework; path = System/Library/Frameworks/Foundation.framework; sourceTree = SDKROOT; };
		EA2B9B4B192C52FC0016509A /* NETKit-Prefix.pch */ = {isa = PBXFileReference; lastKnownFileType = sourcecode.c.h; path = "NETKit-Prefix.pch"; sourceTree = "<group>"; };
		EA2B9B4C192C52FC0016509A /* NETKit.h */ = {isa = PBXFileReference; lastKnownFileType = sourcecode.c.h; path = NETKit.h; sourceTree = "<group>"; };
		EA2B9B55192C52FC0016509A /* XCTest.framework */ = {isa = PBXFileReference; lastKnownFileType = wrapper.framework; name = XCTest.framework; path = Library/Frameworks/XCTest.framework; sourceTree = DEVELOPER_DIR; };
		EA2B9B58192C52FC0016509A /* UIKit.framework */ = {isa = PBXFileReference; lastKnownFileType = wrapper.framework; name = UIKit.framework; path = Library/Frameworks/UIKit.framework; sourceTree = DEVELOPER_DIR; };
		EA2B9B6D192C53250016509A /* CoreText.framework */ = {isa = PBXFileReference; lastKnownFileType = wrapper.framework; name = CoreText.framework; path = System/Library/Frameworks/CoreText.framework; sourceTree = SDKROOT; };
		EA2B9B74192C54A30016509A /* XMLDocument.h */ = {isa = PBXFileReference; fileEncoding = 4; lastKnownFileType = sourcecode.c.h; path = XMLDocument.h; sourceTree = "<group>"; };
		EA2B9B75192C54A30016509A /* XMLDocument.m */ = {isa = PBXFileReference; fileEncoding = 4; lastKnownFileType = sourcecode.c.objc; path = XMLDocument.m; sourceTree = "<group>"; };
		EA2B9B77192C5A740016509A /* XMLElement.h */ = {isa = PBXFileReference; fileEncoding = 4; lastKnownFileType = sourcecode.c.h; path = XMLElement.h; sourceTree = "<group>"; };
		EA2B9B78192C5A740016509A /* XMLElement.m */ = {isa = PBXFileReference; fileEncoding = 4; lastKnownFileType = sourcecode.c.objc; path = XMLElement.m; sourceTree = "<group>"; };
		EA2B9B7A192C6B460016509A /* NSString+Tags.h */ = {isa = PBXFileReference; fileEncoding = 4; lastKnownFileType = sourcecode.c.h; path = "NSString+Tags.h"; sourceTree = "<group>"; };
		EA2B9B7B192C6B460016509A /* NSString+Tags.m */ = {isa = PBXFileReference; fileEncoding = 4; lastKnownFileType = sourcecode.c.objc; path = "NSString+Tags.m"; sourceTree = "<group>"; };
		EA2B9B7D192C6B5D0016509A /* NSString+Entities.h */ = {isa = PBXFileReference; fileEncoding = 4; lastKnownFileType = sourcecode.c.h; path = "NSString+Entities.h"; sourceTree = "<group>"; };
		EA2B9B7E192C6B5D0016509A /* NSString+Entities.m */ = {isa = PBXFileReference; fileEncoding = 4; lastKnownFileType = sourcecode.c.objc; path = "NSString+Entities.m"; sourceTree = "<group>"; };
		EA2B9B80192C6B6C0016509A /* NSDictionary+Parameters.h */ = {isa = PBXFileReference; fileEncoding = 4; lastKnownFileType = sourcecode.c.h; path = "NSDictionary+Parameters.h"; sourceTree = "<group>"; };
		EA2B9B81192C6B6C0016509A /* NSDictionary+Parameters.m */ = {isa = PBXFileReference; fileEncoding = 4; lastKnownFileType = sourcecode.c.objc; path = "NSDictionary+Parameters.m"; sourceTree = "<group>"; };
		EA2B9B83192C6B7A0016509A /* NSString+URLEncoding.h */ = {isa = PBXFileReference; fileEncoding = 4; lastKnownFileType = sourcecode.c.h; path = "NSString+URLEncoding.h"; sourceTree = "<group>"; };
		EA2B9B84192C6B7A0016509A /* NSString+URLEncoding.m */ = {isa = PBXFileReference; fileEncoding = 4; lastKnownFileType = sourcecode.c.objc; path = "NSString+URLEncoding.m"; sourceTree = "<group>"; };
		EA2B9B86192C6B870016509A /* NSObject+PerformSelector.h */ = {isa = PBXFileReference; fileEncoding = 4; lastKnownFileType = sourcecode.c.h; path = "NSObject+PerformSelector.h"; sourceTree = "<group>"; };
		EA2B9B87192C6B870016509A /* NSObject+PerformSelector.m */ = {isa = PBXFileReference; fileEncoding = 4; lastKnownFileType = sourcecode.c.objc; path = "NSObject+PerformSelector.m"; sourceTree = "<group>"; };
		EA2B9B89192C6B950016509A /* NSString+RemoveSuffix.h */ = {isa = PBXFileReference; fileEncoding = 4; lastKnownFileType = sourcecode.c.h; path = "NSString+RemoveSuffix.h"; sourceTree = "<group>"; };
		EA2B9B8A192C6B950016509A /* NSString+RemoveSuffix.m */ = {isa = PBXFileReference; fileEncoding = 4; lastKnownFileType = sourcecode.c.objc; path = "NSString+RemoveSuffix.m"; sourceTree = "<group>"; };
		EA2B9B8C192C6BA40016509A /* NSURL+Parameters.h */ = {isa = PBXFileReference; fileEncoding = 4; lastKnownFileType = sourcecode.c.h; path = "NSURL+Parameters.h"; sourceTree = "<group>"; };
		EA2B9B8D192C6BA40016509A /* NSURL+Parameters.m */ = {isa = PBXFileReference; fileEncoding = 4; lastKnownFileType = sourcecode.c.objc; path = "NSURL+Parameters.m"; sourceTree = "<group>"; };
		EA2B9B8F192C6BB20016509A /* NSDate+TimeAgo.h */ = {isa = PBXFileReference; fileEncoding = 4; lastKnownFileType = sourcecode.c.h; path = "NSDate+TimeAgo.h"; sourceTree = "<group>"; };
		EA2B9B90192C6BB20016509A /* NSDate+TimeAgo.m */ = {isa = PBXFileReference; fileEncoding = 4; lastKnownFileType = sourcecode.c.objc; path = "NSDate+TimeAgo.m"; sourceTree = "<group>"; };
		EA2B9B92192C6F5F0016509A /* NETShared.h */ = {isa = PBXFileReference; fileEncoding = 4; lastKnownFileType = sourcecode.c.h; path = NETShared.h; sourceTree = "<group>"; };
		EA2B9B93192C70580016509A /* NETNetworkActivityController.h */ = {isa = PBXFileReference; fileEncoding = 4; lastKnownFileType = sourcecode.c.h; path = NETNetworkActivityController.h; sourceTree = "<group>"; };
		EA2B9B94192C70580016509A /* NETNetworkActivityController.m */ = {isa = PBXFileReference; fileEncoding = 4; lastKnownFileType = sourcecode.c.objc; path = NETNetworkActivityController.m; sourceTree = "<group>"; };
		EA2B9B96192C70D00016509A /* NETAnonymousSession.h */ = {isa = PBXFileReference; fileEncoding = 4; lastKnownFileType = sourcecode.c.h; path = NETAnonymousSession.h; sourceTree = "<group>"; };
		EA2B9B97192C70D00016509A /* NETAnonymousSession.m */ = {isa = PBXFileReference; fileEncoding = 4; lastKnownFileType = sourcecode.c.objc; path = NETAnonymousSession.m; sourceTree = "<group>"; };
		EA2B9B99192C71400016509A /* NETAPIRequest.h */ = {isa = PBXFileReference; fileEncoding = 4; lastKnownFileType = sourcecode.c.h; path = NETAPIRequest.h; sourceTree = "<group>"; };
		EA2B9B9A192C71400016509A /* NETAPIRequest.m */ = {isa = PBXFileReference; fileEncoding = 4; lastKnownFileType = sourcecode.c.objc; path = NETAPIRequest.m; sourceTree = "<group>"; };
		EA2B9B9C192C719B0016509A /* NETAPIRequestParser.h */ = {isa = PBXFileReference; fileEncoding = 4; lastKnownFileType = sourcecode.c.h; path = NETAPIRequestParser.h; sourceTree = "<group>"; };
		EA2B9B9D192C719B0016509A /* NETAPIRequestParser.m */ = {isa = PBXFileReference; fileEncoding = 4; lastKnownFileType = sourcecode.c.objc; path = NETAPIRequestParser.m; sourceTree = "<group>"; };
		EA2B9B9F192C71E40016509A /* NETAPISearch.h */ = {isa = PBXFileReference; fileEncoding = 4; lastKnownFileType = sourcecode.c.h; path = NETAPISearch.h; sourceTree = "<group>"; };
		EA2B9BA0192C71E40016509A /* NETAPISearch.m */ = {isa = PBXFileReference; fileEncoding = 4; lastKnownFileType = sourcecode.c.objc; path = NETAPISearch.m; sourceTree = "<group>"; };
		EA2B9BA2192C72370016509A /* NETAPISubmission.h */ = {isa = PBXFileReference; fileEncoding = 4; lastKnownFileType = sourcecode.c.h; path = NETAPISubmission.h; sourceTree = "<group>"; };
		EA2B9BA3192C72370016509A /* NETAPISubmission.m */ = {isa = PBXFileReference; fileEncoding = 4; lastKnownFileType = sourcecode.c.objc; path = NETAPISubmission.m; sourceTree = "<group>"; };
		EA2B9BA5192C729D0016509A /* NETContainer.h */ = {isa = PBXFileReference; fileEncoding = 4; lastKnownFileType = sourcecode.c.h; path = NETContainer.h; sourceTree = "<group>"; };
		EA2B9BA6192C729D0016509A /* NETContainer.m */ = {isa = PBXFileReference; fileEncoding = 4; lastKnownFileType = sourcecode.c.objc; path = NETContainer.m; sourceTree = "<group>"; };
		EA2B9BA8192C72EA0016509A /* NETEntry.h */ = {isa = PBXFileReference; fileEncoding = 4; lastKnownFileType = sourcecode.c.h; path = NETEntry.h; sourceTree = "<group>"; };
		EA2B9BA9192C72EA0016509A /* NETEntry.m */ = {isa = PBXFileReference; fileEncoding = 4; lastKnownFileType = sourcecode.c.objc; path = NETEntry.m; sourceTree = "<group>"; };
		EA2B9BAB192C73530016509A /* NETEntryList.h */ = {isa = PBXFileReference; fileEncoding = 4; lastKnownFileType = sourcecode.c.h; path = NETEntryList.h; sourceTree = "<group>"; };
		EA2B9BAC192C73530016509A /* NETEntryList.m */ = {isa = PBXFileReference; fileEncoding = 4; lastKnownFileType = sourcecode.c.objc; path = NETEntryList.m; sourceTree = "<group>"; };
		EA2B9BAE192C73910016509A /* NETObject.h */ = {isa = PBXFileReference; fileEncoding = 4; lastKnownFileType = sourcecode.c.h; path = NETObject.h; sourceTree = "<group>"; };
		EA2B9BAF192C73910016509A /* NETObject.m */ = {isa = PBXFileReference; fileEncoding = 4; lastKnownFileType = sourcecode.c.objc; path = NETObject.m; sourceTree = "<group>"; };
		EA2B9BB1192C73DD0016509A /* NETObjectBodyRenderer.h */ = {isa = PBXFileReference; fileEncoding = 4; lastKnownFileType = sourcecode.c.h; path = NETObjectBodyRenderer.h; sourceTree = "<group>"; };
		EA2B9BB2192C73DD0016509A /* NETObjectBodyRenderer.m */ = {isa = PBXFileReference; fileEncoding = 4; lastKnownFileType = sourcecode.c.objc; path = NETObjectBodyRenderer.m; sourceTree = "<group>"; };
		EA2B9BB4192C74160016509A /* NETObjectCache.h */ = {isa = PBXFileReference; fileEncoding = 4; lastKnownFileType = sourcecode.c.h; path = NETObjectCache.h; sourceTree = "<group>"; };
		EA2B9BB5192C74160016509A /* NETObjectCache.m */ = {isa = PBXFileReference; fileEncoding = 4; lastKnownFileType = sourcecode.c.objc; path = NETObjectCache.m; sourceTree = "<group>"; };
		EA2B9BB7192C74560016509A /* NETSession.h */ = {isa = PBXFileReference; fileEncoding = 4; lastKnownFileType = sourcecode.c.h; path = NETSession.h; sourceTree = "<group>"; };
		EA2B9BB8192C74560016509A /* NETSession.m */ = {isa = PBXFileReference; fileEncoding = 4; lastKnownFileType = sourcecode.c.objc; path = NETSession.m; sourceTree = "<group>"; };
		EA2B9BBA192C74970016509A /* NETSessionAuthenticator.h */ = {isa = PBXFileReference; fileEncoding = 4; lastKnownFileType = sourcecode.c.h; path = NETSessionAuthenticator.h; sourceTree = "<group>"; };
		EA2B9BBB192C74970016509A /* NETSessionAuthenticator.m */ = {isa = PBXFileReference; fileEncoding = 4; lastKnownFileType = sourcecode.c.objc; path = NETSessionAuthenticator.m; sourceTree = "<group>"; };
		EA2B9BBD192C74D30016509A /* NETSessionController.h */ = {isa = PBXFileReference; fileEncoding = 4; lastKnownFileType = sourcecode.c.h; path = NETSessionController.h; sourceTree = "<group>"; };
		EA2B9BBE192C74D30016509A /* NETSessionController.m */ = {isa = PBXFileReference; fileEncoding = 4; lastKnownFileType = sourcecode.c.objc; path = NETSessionController.m; sourceTree = "<group>"; };
		EA2B9BC0192C75070016509A /* NETSubmission.h */ = {isa = PBXFileReference; fileEncoding = 4; lastKnownFileType = sourcecode.c.h; path = NETSubmission.h; sourceTree = "<group>"; };
		EA2B9BC1192C75070016509A /* NETSubmission.m */ = {isa = PBXFileReference; fileEncoding = 4; lastKnownFileType = sourcecode.c.objc; path = NETSubmission.m; sourceTree = "<group>"; };
		EA2B9BC3192C75410016509A /* NETUser.h */ = {isa = PBXFileReference; fileEncoding = 4; lastKnownFileType = sourcecode.c.h; path = NETUser.h; sourceTree = "<group>"; };
		EA2B9BC4192C75410016509A /* NETUser.m */ = {isa = PBXFileReference; fileEncoding = 4; lastKnownFileType = sourcecode.c.objc; path = NETUser.m; sourceTree = "<group>"; };
		EA358574192C9D1100A6FB1D /* libxml2.dylib */ = {isa = PBXFileReference; lastKnownFileType = "compiled.mach-o.dylib"; name = libxml2.dylib; path = usr/lib/libxml2.dylib; sourceTree = SDKROOT; };
/* End PBXFileReference section */

/* Begin PBXFrameworksBuildPhase section */
		EA2B9B41192C52FC0016509A /* Frameworks */ = {
			isa = PBXFrameworksBuildPhase;
			buildActionMask = 2147483647;
			files = (
				EA358575192C9D1100A6FB1D /* libxml2.dylib in Frameworks */,
				EA2B9B6E192C53250016509A /* CoreText.framework in Frameworks */,
				EA2B9B48192C52FC0016509A /* Foundation.framework in Frameworks */,
			);
			runOnlyForDeploymentPostprocessing = 0;
		};
/* End PBXFrameworksBuildPhase section */

/* Begin PBXGroup section */
		EA2B9B3B192C52FC0016509A = {
			isa = PBXGroup;
			children = (
				EA2B9BC6192C76570016509A /* Classes */,
				EA2B9B46192C52FC0016509A /* Frameworks */,
				EA2B9B45192C52FC0016509A /* Products */,
			);
			sourceTree = "<group>";
		};
		EA2B9B45192C52FC0016509A /* Products */ = {
			isa = PBXGroup;
			children = (
				EA2B9B44192C52FC0016509A /* libNETKit.a */,
			);
			name = Products;
			sourceTree = "<group>";
		};
		EA2B9B46192C52FC0016509A /* Frameworks */ = {
			isa = PBXGroup;
			children = (
				EA358574192C9D1100A6FB1D /* libxml2.dylib */,
				EA2B9B6D192C53250016509A /* CoreText.framework */,
				EA2B9B47192C52FC0016509A /* Foundation.framework */,
				EA2B9B55192C52FC0016509A /* XCTest.framework */,
				EA2B9B58192C52FC0016509A /* UIKit.framework */,
			);
			name = Frameworks;
			sourceTree = "<group>";
		};
		EA2B9B49192C52FC0016509A /* NETKit */ = {
			isa = PBXGroup;
			children = (
				EA2B9B4A192C52FC0016509A /* Supporting Files */,
				EA2B9B4C192C52FC0016509A /* NETKit.h */,
				EA2B9B92192C6F5F0016509A /* NETShared.h */,
				EA2B9B93192C70580016509A /* NETNetworkActivityController.h */,
				EA2B9B94192C70580016509A /* NETNetworkActivityController.m */,
				EA2B9B96192C70D00016509A /* NETAnonymousSession.h */,
				EA2B9B97192C70D00016509A /* NETAnonymousSession.m */,
				EA2B9B99192C71400016509A /* NETAPIRequest.h */,
				EA2B9B9A192C71400016509A /* NETAPIRequest.m */,
				EA2B9B9C192C719B0016509A /* NETAPIRequestParser.h */,
				EA2B9B9D192C719B0016509A /* NETAPIRequestParser.m */,
				EA2B9B9F192C71E40016509A /* NETAPISearch.h */,
				EA2B9BA0192C71E40016509A /* NETAPISearch.m */,
				EA2B9BA2192C72370016509A /* NETAPISubmission.h */,
				EA2B9BA3192C72370016509A /* NETAPISubmission.m */,
				EA2B9BA5192C729D0016509A /* NETContainer.h */,
				EA2B9BA6192C729D0016509A /* NETContainer.m */,
				EA2B9BA8192C72EA0016509A /* NETEntry.h */,
				EA2B9BA9192C72EA0016509A /* NETEntry.m */,
				EA2B9BAB192C73530016509A /* NETEntryList.h */,
				EA2B9BAC192C73530016509A /* NETEntryList.m */,
				EA2B9BAE192C73910016509A /* NETObject.h */,
				EA2B9BAF192C73910016509A /* NETObject.m */,
				EA2B9BB1192C73DD0016509A /* NETObjectBodyRenderer.h */,
				EA2B9BB2192C73DD0016509A /* NETObjectBodyRenderer.m */,
				EA2B9BB4192C74160016509A /* NETObjectCache.h */,
				EA2B9BB5192C74160016509A /* NETObjectCache.m */,
				EA2B9BB7192C74560016509A /* NETSession.h */,
				EA2B9BB8192C74560016509A /* NETSession.m */,
				EA2B9BBA192C74970016509A /* NETSessionAuthenticator.h */,
				EA2B9BBB192C74970016509A /* NETSessionAuthenticator.m */,
				EA2B9BBD192C74D30016509A /* NETSessionController.h */,
				EA2B9BBE192C74D30016509A /* NETSessionController.m */,
				EA2B9BC0192C75070016509A /* NETSubmission.h */,
				EA2B9BC1192C75070016509A /* NETSubmission.m */,
				EA2B9BC3192C75410016509A /* NETUser.h */,
				EA2B9BC4192C75410016509A /* NETUser.m */,
			);
			path = NETKit;
			sourceTree = "<group>";
		};
		EA2B9B4A192C52FC0016509A /* Supporting Files */ = {
			isa = PBXGroup;
			children = (
				EA2B9B4B192C52FC0016509A /* NETKit-Prefix.pch */,
			);
			name = "Supporting Files";
			sourceTree = "<group>";
		};
		EA2B9B71192C53C60016509A /* Categories */ = {
			isa = PBXGroup;
			children = (
				EA2B9B7A192C6B460016509A /* NSString+Tags.h */,
				EA2B9B7B192C6B460016509A /* NSString+Tags.m */,
				EA2B9B7D192C6B5D0016509A /* NSString+Entities.h */,
				EA2B9B7E192C6B5D0016509A /* NSString+Entities.m */,
				EA2B9B80192C6B6C0016509A /* NSDictionary+Parameters.h */,
				EA2B9B81192C6B6C0016509A /* NSDictionary+Parameters.m */,
				EA2B9B83192C6B7A0016509A /* NSString+URLEncoding.h */,
				EA2B9B84192C6B7A0016509A /* NSString+URLEncoding.m */,
				EA2B9B86192C6B870016509A /* NSObject+PerformSelector.h */,
				EA2B9B87192C6B870016509A /* NSObject+PerformSelector.m */,
				EA2B9B89192C6B950016509A /* NSString+RemoveSuffix.h */,
				EA2B9B8A192C6B950016509A /* NSString+RemoveSuffix.m */,
				EA2B9B8C192C6BA40016509A /* NSURL+Parameters.h */,
				EA2B9B8D192C6BA40016509A /* NSURL+Parameters.m */,
				EA2B9B8F192C6BB20016509A /* NSDate+TimeAgo.h */,
				EA2B9B90192C6BB20016509A /* NSDate+TimeAgo.m */,
			);
			path = Categories;
			sourceTree = "<group>";
		};
		EA2B9B72192C53C60016509A /* XML */ = {
			isa = PBXGroup;
			children = (
				EA2B9B74192C54A30016509A /* XMLDocument.h */,
				EA2B9B75192C54A30016509A /* XMLDocument.m */,
				EA2B9B77192C5A740016509A /* XMLElement.h */,
				EA2B9B78192C5A740016509A /* XMLElement.m */,
			);
			path = XML;
			sourceTree = "<group>";
		};
		EA2B9BC6192C76570016509A /* Classes */ = {
			isa = PBXGroup;
			children = (
				EA2B9B71192C53C60016509A /* Categories */,
				EA2B9B72192C53C60016509A /* XML */,
				EA2B9B49192C52FC0016509A /* NETKit */,
			);
			name = Classes;
			sourceTree = "<group>";
		};
/* End PBXGroup section */

/* Begin PBXNativeTarget section */
		EA2B9B43192C52FC0016509A /* NETKit */ = {
			isa = PBXNativeTarget;
			buildConfigurationList = EA2B9B67192C52FC0016509A /* Build configuration list for PBXNativeTarget "NETKit" */;
			buildPhases = (
				EA2B9B40192C52FC0016509A /* Sources */,
				EA2B9B41192C52FC0016509A /* Frameworks */,
				EA2B9B42192C52FC0016509A /* CopyFiles */,
				EA358485192C864F00A6FB1D /* CopyFiles */,
			);
			buildRules = (
			);
			dependencies = (
			);
			name = NETKit;
			productName = NETKit;
			productReference = EA2B9B44192C52FC0016509A /* libNETKit.a */;
			productType = "com.apple.product-type.library.static";
		};
/* End PBXNativeTarget section */

/* Begin PBXProject section */
		EA2B9B3C192C52FC0016509A /* Project object */ = {
			isa = PBXProject;
			attributes = {
				LastUpgradeCheck = 0510;
				ORGANIZATIONNAME = GWrabbit;
			};
			buildConfigurationList = EA2B9B3F192C52FC0016509A /* Build configuration list for PBXProject "NETKit" */;
			compatibilityVersion = "Xcode 3.2";
			developmentRegion = English;
			hasScannedForEncodings = 0;
			knownRegions = (
				en,
			);
			mainGroup = EA2B9B3B192C52FC0016509A;
			productRefGroup = EA2B9B45192C52FC0016509A /* Products */;
			projectDirPath = "";
			projectRoot = "";
			targets = (
				EA2B9B43192C52FC0016509A /* NETKit */,
			);
		};
/* End PBXProject section */

/* Begin PBXSourcesBuildPhase section */
		EA2B9B40192C52FC0016509A /* Sources */ = {
			isa = PBXSourcesBuildPhase;
			buildActionMask = 2147483647;
			files = (
				EA2B9BA4192C72370016509A /* NETAPISubmission.m in Sources */,
				EA2B9BA1192C71E40016509A /* NETAPISearch.m in Sources */,
				EA2B9BAD192C73530016509A /* NETEntryList.m in Sources */,
				EA2B9B8E192C6BA40016509A /* NSURL+Parameters.m in Sources */,
				EA2B9BB6192C74160016509A /* NETObjectCache.m in Sources */,
				EA2B9B7C192C6B460016509A /* NSString+Tags.m in Sources */,
				EA2B9B7F192C6B5D0016509A /* NSString+Entities.m in Sources */,
				EA2B9B82192C6B6C0016509A /* NSDictionary+Parameters.m in Sources */,
				EA2B9BAA192C72EA0016509A /* NETEntry.m in Sources */,
				EA2B9B76192C54A30016509A /* XMLDocument.m in Sources */,
				EA2B9BB9192C74560016509A /* NETSession.m in Sources */,
				EA2B9B9E192C719B0016509A /* NETAPIRequestParser.m in Sources */,
				EA2B9BBF192C74D30016509A /* NETSessionController.m in Sources */,
				EA2B9B88192C6B870016509A /* NSObject+PerformSelector.m in Sources */,
				EA2B9BC5192C75410016509A /* NETUser.m in Sources */,
				EA2B9BA7192C729D0016509A /* NETContainer.m in Sources */,
				EA2B9B9B192C71400016509A /* NETAPIRequest.m in Sources */,
				EA2B9B85192C6B7A0016509A /* NSString+URLEncoding.m in Sources */,
				EA2B9BB3192C73DD0016509A /* NETObjectBodyRenderer.m in Sources */,
				EA2B9B79192C5A740016509A /* XMLElement.m in Sources */,
				EA2B9B91192C6BB20016509A /* NSDate+TimeAgo.m in Sources */,
				EA2B9BB0192C73910016509A /* NETObject.m in Sources */,
				EA2B9BBC192C74970016509A /* NETSessionAuthenticator.m in Sources */,
				EA2B9BC2192C75070016509A /* NETSubmission.m in Sources */,
				EA2B9B8B192C6B950016509A /* NSString+RemoveSuffix.m in Sources */,
				EA2B9B95192C70580016509A /* NETNetworkActivityController.m in Sources */,
				EA2B9B98192C70D00016509A /* NETAnonymousSession.m in Sources */,
			);
			runOnlyForDeploymentPostprocessing = 0;
		};
/* End PBXSourcesBuildPhase section */

/* Begin XCBuildConfiguration section */
		EA2B9B65192C52FC0016509A /* Debug */ = {
			isa = XCBuildConfiguration;
			buildSettings = {
				ALWAYS_SEARCH_USER_PATHS = NO;
				CLANG_CXX_LANGUAGE_STANDARD = "gnu++0x";
				CLANG_CXX_LIBRARY = "libc++";
				CLANG_ENABLE_MODULES = NO;
				CLANG_ENABLE_OBJC_ARC = YES;
				CLANG_WARN_BOOL_CONVERSION = YES;
				CLANG_WARN_CONSTANT_CONVERSION = YES;
				CLANG_WARN_DIRECT_OBJC_ISA_USAGE = YES_ERROR;
				CLANG_WARN_EMPTY_BODY = YES;
				CLANG_WARN_ENUM_CONVERSION = YES;
				CLANG_WARN_INT_CONVERSION = YES;
				CLANG_WARN_OBJC_ROOT_CLASS = YES_ERROR;
				CLANG_WARN__DUPLICATE_METHOD_MATCH = YES;
				CODE_SIGN_IDENTITY = "";
				COPY_PHASE_STRIP = YES;
				GCC_C_LANGUAGE_STANDARD = gnu99;
				GCC_DYNAMIC_NO_PIC = NO;
				GCC_OPTIMIZATION_LEVEL = 0;
				GCC_PREPROCESSOR_DEFINITIONS = (
					"DEBUG=1",
					"$(inherited)",
				);
				GCC_SYMBOLS_PRIVATE_EXTERN = NO;
				GCC_WARN_64_TO_32_BIT_CONVERSION = YES;
				GCC_WARN_ABOUT_RETURN_TYPE = YES_ERROR;
				GCC_WARN_UNDECLARED_SELECTOR = YES;
				GCC_WARN_UNINITIALIZED_AUTOS = YES_AGGRESSIVE;
				GCC_WARN_UNUSED_FUNCTION = YES;
				GCC_WARN_UNUSED_VARIABLE = YES;
				HEADER_SEARCH_PATHS = /usr/include/libxml2;
				IPHONEOS_DEPLOYMENT_TARGET = 7.1;
				ONLY_ACTIVE_ARCH = YES;
				OTHER_LDFLAGS = "-all_load";
				SDKROOT = iphoneos;
				VALIDATE_PRODUCT = NO;
			};
			name = Debug;
		};
		EA2B9B66192C52FC0016509A /* Release */ = {
			isa = XCBuildConfiguration;
			buildSettings = {
				ALWAYS_SEARCH_USER_PATHS = NO;
				CLANG_CXX_LANGUAGE_STANDARD = "gnu++0x";
				CLANG_CXX_LIBRARY = "libc++";
				CLANG_ENABLE_MODULES = NO;
				CLANG_ENABLE_OBJC_ARC = YES;
				CLANG_WARN_BOOL_CONVERSION = YES;
				CLANG_WARN_CONSTANT_CONVERSION = YES;
				CLANG_WARN_DIRECT_OBJC_ISA_USAGE = YES_ERROR;
				CLANG_WARN_EMPTY_BODY = YES;
				CLANG_WARN_ENUM_CONVERSION = YES;
				CLANG_WARN_INT_CONVERSION = YES;
				CLANG_WARN_OBJC_ROOT_CLASS = YES_ERROR;
				CLANG_WARN__DUPLICATE_METHOD_MATCH = YES;
				CODE_SIGN_IDENTITY = "";
				COPY_PHASE_STRIP = YES;
				ENABLE_NS_ASSERTIONS = NO;
				GCC_C_LANGUAGE_STANDARD = gnu99;
				GCC_WARN_64_TO_32_BIT_CONVERSION = YES;
				GCC_WARN_ABOUT_RETURN_TYPE = YES_ERROR;
				GCC_WARN_UNDECLARED_SELECTOR = YES;
				GCC_WARN_UNINITIALIZED_AUTOS = YES_AGGRESSIVE;
				GCC_WARN_UNUSED_FUNCTION = YES;
				GCC_WARN_UNUSED_VARIABLE = YES;
				HEADER_SEARCH_PATHS = /usr/include/libxml2;
				IPHONEOS_DEPLOYMENT_TARGET = 7.1;
				OTHER_LDFLAGS = "-all_load";
				SDKROOT = iphoneos;
				VALIDATE_PRODUCT = NO;
			};
			name = Release;
		};
		EA2B9B68192C52FC0016509A /* Debug */ = {
			isa = XCBuildConfiguration;
			buildSettings = {
				CLANG_ENABLE_OBJC_ARC = NO;
				DSTROOT = /tmp/NETKit.dst;
				GCC_PRECOMPILE_PREFIX_HEADER = YES;
				GCC_PREFIX_HEADER = "";
				HEADER_SEARCH_PATHS = /usr/include/libxml2;
				OTHER_LDFLAGS = "-ObjC";
				PRECOMPS_INCLUDE_HEADERS_FROM_BUILT_PRODUCTS_DIR = YES;
				PRODUCT_NAME = "$(TARGET_NAME)";
				SCAN_ALL_SOURCE_FILES_FOR_INCLUDES = NO;
				SKIP_INSTALL = YES;
			};
			name = Debug;
		};
		EA2B9B69192C52FC0016509A /* Release */ = {
			isa = XCBuildConfiguration;
			buildSettings = {
				CLANG_ENABLE_OBJC_ARC = NO;
				DSTROOT = /tmp/NETKit.dst;
				GCC_PRECOMPILE_PREFIX_HEADER = YES;
				GCC_PREFIX_HEADER = "";
				HEADER_SEARCH_PATHS = /usr/include/libxml2;
				OTHER_LDFLAGS = "-ObjC";
				PRECOMPS_INCLUDE_HEADERS_FROM_BUILT_PRODUCTS_DIR = YES;
				PRODUCT_NAME = "$(TARGET_NAME)";
				SCAN_ALL_SOURCE_FILES_FOR_INCLUDES = NO;
				SKIP_INSTALL = YES;
			};
			name = Release;
		};
/* End XCBuildConfiguration section */

/* Begin XCConfigurationList section */
		EA2B9B3F192C52FC0016509A /* Build configuration list for PBXProject "NETKit" */ = {
			isa = XCConfigurationList;
			buildConfigurations = (
				EA2B9B65192C52FC0016509A /* Debug */,
				EA2B9B66192C52FC0016509A /* Release */,
			);
			defaultConfigurationIsVisible = 0;
			defaultConfigurationName = Release;
		};
		EA2B9B67192C52FC0016509A /* Build configuration list for PBXNativeTarget "NETKit" */ = {
			isa = XCConfigurationList;
			buildConfigurations = (
				EA2B9B68192C52FC0016509A /* Debug */,
				EA2B9B69192C52FC0016509A /* Release */,
			);
			defaultConfigurationIsVisible = 0;
			defaultConfigurationName = Release;
		};
/* End XCConfigurationList section */
	};
	rootObject = EA2B9B3C192C52FC0016509A /* Project object */;
}
