// !$*UTF8*$!
{
	archiveVersion = 1;
	classes = {
	};
	objectVersion = 46;
	objects = {

/* Begin PBXBuildFile section */
		EA083230192EE056006C0265 /* Foundation.framework in Frameworks */ = {isa = PBXBuildFile; fileRef = EA08322F192EE056006C0265 /* Foundation.framework */; };
		EA083232192EE056006C0265 /* CoreGraphics.framework in Frameworks */ = {isa = PBXBuildFile; fileRef = EA083231192EE056006C0265 /* CoreGraphics.framework */; };
		EA083234192EE056006C0265 /* UIKit.framework in Frameworks */ = {isa = PBXBuildFile; fileRef = EA083233192EE056006C0265 /* UIKit.framework */; };
		EA08323A192EE056006C0265 /* InfoPlist.strings in Resources */ = {isa = PBXBuildFile; fileRef = EA083238192EE056006C0265 /* InfoPlist.strings */; };
		EA08323C192EE056006C0265 /* main.m in Sources */ = {isa = PBXBuildFile; fileRef = EA08323B192EE056006C0265 /* main.m */; };
		EA083240192EE056006C0265 /* AppDelegate.m in Sources */ = {isa = PBXBuildFile; fileRef = EA08323F192EE056006C0265 /* AppDelegate.m */; };
		EA083242192EE056006C0265 /* Images.xcassets in Resources */ = {isa = PBXBuildFile; fileRef = EA083241192EE056006C0265 /* Images.xcassets */; };
		EA083249192EE056006C0265 /* XCTest.framework in Frameworks */ = {isa = PBXBuildFile; fileRef = EA083248192EE056006C0265 /* XCTest.framework */; };
		EA08324A192EE056006C0265 /* Foundation.framework in Frameworks */ = {isa = PBXBuildFile; fileRef = EA08322F192EE056006C0265 /* Foundation.framework */; };
		EA08324B192EE056006C0265 /* UIKit.framework in Frameworks */ = {isa = PBXBuildFile; fileRef = EA083233192EE056006C0265 /* UIKit.framework */; };
		EA083253192EE056006C0265 /* InfoPlist.strings in Resources */ = {isa = PBXBuildFile; fileRef = EA083251192EE056006C0265 /* InfoPlist.strings */; };
		EA083255192EE056006C0265 /* iBAENTests.m in Sources */ = {isa = PBXBuildFile; fileRef = EA083254192EE056006C0265 /* iBAENTests.m */; };
		EA083267192EE5F6006C0265 /* libxml2.dylib in Frameworks */ = {isa = PBXBuildFile; fileRef = EA083266192EE5F6006C0265 /* libxml2.dylib */; };
		EA083268192EE5FA006C0265 /* libNETKit.a in Frameworks */ = {isa = PBXBuildFile; fileRef = EA083263192EE315006C0265 /* libNETKit.a */; };
		EA08326A192EE609006C0265 /* QuartzCore.framework in Frameworks */ = {isa = PBXBuildFile; fileRef = EA083269192EE609006C0265 /* QuartzCore.framework */; };
		EA08326C192EE612006C0265 /* MessageUI.framework in Frameworks */ = {isa = PBXBuildFile; fileRef = EA08326B192EE612006C0265 /* MessageUI.framework */; };
		EA08326E192EE61A006C0265 /* MobileCoreServices.framework in Frameworks */ = {isa = PBXBuildFile; fileRef = EA08326D192EE61A006C0265 /* MobileCoreServices.framework */; };
		EA083270192EE659006C0265 /* CoreText.framework in Frameworks */ = {isa = PBXBuildFile; fileRef = EA08326F192EE659006C0265 /* CoreText.framework */; };
		EA08327A192EEF66006C0265 /* SplitViewController.m in Sources */ = {isa = PBXBuildFile; fileRef = EA083279192EEF66006C0265 /* SplitViewController.m */; };
		EA08327D192EF1DA006C0265 /* NavigationController.m in Sources */ = {isa = PBXBuildFile; fileRef = EA08327C192EF1DA006C0265 /* NavigationController.m */; };
		EA083280192EF879006C0265 /* UIColor+Colorful.m in Sources */ = {isa = PBXBuildFile; fileRef = EA08327F192EF879006C0265 /* UIColor+Colorful.m */; };
		EA083283192EFA3F006C0265 /* ColorfulBarView.m in Sources */ = {isa = PBXBuildFile; fileRef = EA083282192EFA3F006C0265 /* ColorfulBarView.m */; };
		EA083286192EFB9B006C0265 /* ColorfulNavigationBar.m in Sources */ = {isa = PBXBuildFile; fileRef = EA083285192EFB9B006C0265 /* ColorfulNavigationBar.m */; };
		EA083289192F0FA6006C0265 /* MainTabBarController.m in Sources */ = {isa = PBXBuildFile; fileRef = EA083288192F0FA6006C0265 /* MainTabBarController.m */; };
		EA08328C192F102A006C0265 /* BarButtonItem.m in Sources */ = {isa = PBXBuildFile; fileRef = EA08328B192F102A006C0265 /* BarButtonItem.m */; };
		EA08328F192F10DD006C0265 /* TabBarController.m in Sources */ = {isa = PBXBuildFile; fileRef = EA08328E192F10DD006C0265 /* TabBarController.m */; };
		EA083292192F2789006C0265 /* EmptyController.m in Sources */ = {isa = PBXBuildFile; fileRef = EA083291192F2789006C0265 /* EmptyController.m */; };
		EA083295192F287E006C0265 /* EmptyView.m in Sources */ = {isa = PBXBuildFile; fileRef = EA083294192F287E006C0265 /* EmptyView.m */; };
		EA083298192F28EE006C0265 /* ColorfulTableView.m in Sources */ = {isa = PBXBuildFile; fileRef = EA083297192F28EE006C0265 /* ColorfulTableView.m */; };
		EA08329B192F2CFC006C0265 /* TableViewCell.m in Sources */ = {isa = PBXBuildFile; fileRef = EA08329A192F2CFC006C0265 /* TableViewCell.m */; };
		EA08329E192F2DE4006C0265 /* SessionListController.m in Sources */ = {isa = PBXBuildFile; fileRef = EA08329D192F2DE4006C0265 /* SessionListController.m */; };
/* End PBXBuildFile section */

/* Begin PBXContainerItemProxy section */
		EA08324C192EE056006C0265 /* PBXContainerItemProxy */ = {
			isa = PBXContainerItemProxy;
			containerPortal = EA083224192EE056006C0265 /* Project object */;
			proxyType = 1;
			remoteGlobalIDString = EA08322B192EE056006C0265;
			remoteInfo = iBAEN;
		};
		EA083262192EE315006C0265 /* PBXContainerItemProxy */ = {
			isa = PBXContainerItemProxy;
			containerPortal = EA08325E192EE315006C0265 /* NETKit.xcodeproj */;
			proxyType = 2;
			remoteGlobalIDString = EA2B9B44192C52FC0016509A;
			remoteInfo = NETKit;
		};
/* End PBXContainerItemProxy section */

/* Begin PBXFileReference section */
		EA08322C192EE056006C0265 /* iBAEN.app */ = {isa = PBXFileReference; explicitFileType = wrapper.application; includeInIndex = 0; path = iBAEN.app; sourceTree = BUILT_PRODUCTS_DIR; };
		EA08322F192EE056006C0265 /* Foundation.framework */ = {isa = PBXFileReference; lastKnownFileType = wrapper.framework; name = Foundation.framework; path = System/Library/Frameworks/Foundation.framework; sourceTree = SDKROOT; };
		EA083231192EE056006C0265 /* CoreGraphics.framework */ = {isa = PBXFileReference; lastKnownFileType = wrapper.framework; name = CoreGraphics.framework; path = System/Library/Frameworks/CoreGraphics.framework; sourceTree = SDKROOT; };
		EA083233192EE056006C0265 /* UIKit.framework */ = {isa = PBXFileReference; lastKnownFileType = wrapper.framework; name = UIKit.framework; path = System/Library/Frameworks/UIKit.framework; sourceTree = SDKROOT; };
		EA083237192EE056006C0265 /* iBAEN-Info.plist */ = {isa = PBXFileReference; lastKnownFileType = text.plist.xml; path = "iBAEN-Info.plist"; sourceTree = "<group>"; };
		EA083239192EE056006C0265 /* en */ = {isa = PBXFileReference; lastKnownFileType = text.plist.strings; name = en; path = en.lproj/InfoPlist.strings; sourceTree = "<group>"; };
		EA08323B192EE056006C0265 /* main.m */ = {isa = PBXFileReference; lastKnownFileType = sourcecode.c.objc; path = main.m; sourceTree = "<group>"; };
		EA08323D192EE056006C0265 /* iBAEN-Prefix.pch */ = {isa = PBXFileReference; lastKnownFileType = sourcecode.c.h; path = "iBAEN-Prefix.pch"; sourceTree = "<group>"; };
		EA08323E192EE056006C0265 /* AppDelegate.h */ = {isa = PBXFileReference; lastKnownFileType = sourcecode.c.h; path = AppDelegate.h; sourceTree = "<group>"; };
		EA08323F192EE056006C0265 /* AppDelegate.m */ = {isa = PBXFileReference; lastKnownFileType = sourcecode.c.objc; path = AppDelegate.m; sourceTree = "<group>"; };
		EA083241192EE056006C0265 /* Images.xcassets */ = {isa = PBXFileReference; lastKnownFileType = folder.assetcatalog; path = Images.xcassets; sourceTree = "<group>"; };
		EA083247192EE056006C0265 /* iBAENTests.xctest */ = {isa = PBXFileReference; explicitFileType = wrapper.cfbundle; includeInIndex = 0; path = iBAENTests.xctest; sourceTree = BUILT_PRODUCTS_DIR; };
		EA083248192EE056006C0265 /* XCTest.framework */ = {isa = PBXFileReference; lastKnownFileType = wrapper.framework; name = XCTest.framework; path = Library/Frameworks/XCTest.framework; sourceTree = DEVELOPER_DIR; };
		EA083250192EE056006C0265 /* iBAENTests-Info.plist */ = {isa = PBXFileReference; lastKnownFileType = text.plist.xml; path = "iBAENTests-Info.plist"; sourceTree = "<group>"; };
		EA083252192EE056006C0265 /* en */ = {isa = PBXFileReference; lastKnownFileType = text.plist.strings; name = en; path = en.lproj/InfoPlist.strings; sourceTree = "<group>"; };
		EA083254192EE056006C0265 /* iBAENTests.m */ = {isa = PBXFileReference; lastKnownFileType = sourcecode.c.objc; path = iBAENTests.m; sourceTree = "<group>"; };
		EA08325E192EE315006C0265 /* NETKit.xcodeproj */ = {isa = PBXFileReference; lastKnownFileType = "wrapper.pb-project"; name = NETKit.xcodeproj; path = NETKit/NETKit.xcodeproj; sourceTree = "<group>"; };
		EA083266192EE5F6006C0265 /* libxml2.dylib */ = {isa = PBXFileReference; lastKnownFileType = "compiled.mach-o.dylib"; name = libxml2.dylib; path = usr/lib/libxml2.dylib; sourceTree = SDKROOT; };
		EA083269192EE609006C0265 /* QuartzCore.framework */ = {isa = PBXFileReference; lastKnownFileType = wrapper.framework; name = QuartzCore.framework; path = System/Library/Frameworks/QuartzCore.framework; sourceTree = SDKROOT; };
		EA08326B192EE612006C0265 /* MessageUI.framework */ = {isa = PBXFileReference; lastKnownFileType = wrapper.framework; name = MessageUI.framework; path = System/Library/Frameworks/MessageUI.framework; sourceTree = SDKROOT; };
		EA08326D192EE61A006C0265 /* MobileCoreServices.framework */ = {isa = PBXFileReference; lastKnownFileType = wrapper.framework; name = MobileCoreServices.framework; path = System/Library/Frameworks/MobileCoreServices.framework; sourceTree = SDKROOT; };
		EA08326F192EE659006C0265 /* CoreText.framework */ = {isa = PBXFileReference; lastKnownFileType = wrapper.framework; name = CoreText.framework; path = System/Library/Frameworks/CoreText.framework; sourceTree = SDKROOT; };
		EA083278192EEF66006C0265 /* SplitViewController.h */ = {isa = PBXFileReference; fileEncoding = 4; lastKnownFileType = sourcecode.c.h; path = SplitViewController.h; sourceTree = "<group>"; };
		EA083279192EEF66006C0265 /* SplitViewController.m */ = {isa = PBXFileReference; fileEncoding = 4; lastKnownFileType = sourcecode.c.objc; path = SplitViewController.m; sourceTree = "<group>"; };
		EA08327B192EF1DA006C0265 /* NavigationController.h */ = {isa = PBXFileReference; fileEncoding = 4; lastKnownFileType = sourcecode.c.h; path = NavigationController.h; sourceTree = "<group>"; };
		EA08327C192EF1DA006C0265 /* NavigationController.m */ = {isa = PBXFileReference; fileEncoding = 4; lastKnownFileType = sourcecode.c.objc; path = NavigationController.m; sourceTree = "<group>"; };
		EA08327E192EF879006C0265 /* UIColor+Colorful.h */ = {isa = PBXFileReference; fileEncoding = 4; lastKnownFileType = sourcecode.c.h; path = "UIColor+Colorful.h"; sourceTree = "<group>"; };
		EA08327F192EF879006C0265 /* UIColor+Colorful.m */ = {isa = PBXFileReference; fileEncoding = 4; lastKnownFileType = sourcecode.c.objc; path = "UIColor+Colorful.m"; sourceTree = "<group>"; };
		EA083281192EFA3F006C0265 /* ColorfulBarView.h */ = {isa = PBXFileReference; fileEncoding = 4; lastKnownFileType = sourcecode.c.h; path = ColorfulBarView.h; sourceTree = "<group>"; };
		EA083282192EFA3F006C0265 /* ColorfulBarView.m */ = {isa = PBXFileReference; fileEncoding = 4; lastKnownFileType = sourcecode.c.objc; path = ColorfulBarView.m; sourceTree = "<group>"; };
		EA083284192EFB9B006C0265 /* ColorfulNavigationBar.h */ = {isa = PBXFileReference; fileEncoding = 4; lastKnownFileType = sourcecode.c.h; path = ColorfulNavigationBar.h; sourceTree = "<group>"; };
		EA083285192EFB9B006C0265 /* ColorfulNavigationBar.m */ = {isa = PBXFileReference; fileEncoding = 4; lastKnownFileType = sourcecode.c.objc; path = ColorfulNavigationBar.m; sourceTree = "<group>"; };
		EA083287192F0FA6006C0265 /* MainTabBarController.h */ = {isa = PBXFileReference; fileEncoding = 4; lastKnownFileType = sourcecode.c.h; path = MainTabBarController.h; sourceTree = "<group>"; };
		EA083288192F0FA6006C0265 /* MainTabBarController.m */ = {isa = PBXFileReference; fileEncoding = 4; lastKnownFileType = sourcecode.c.objc; path = MainTabBarController.m; sourceTree = "<group>"; };
		EA08328A192F102A006C0265 /* BarButtonItem.h */ = {isa = PBXFileReference; fileEncoding = 4; lastKnownFileType = sourcecode.c.h; path = BarButtonItem.h; sourceTree = "<group>"; };
		EA08328B192F102A006C0265 /* BarButtonItem.m */ = {isa = PBXFileReference; fileEncoding = 4; lastKnownFileType = sourcecode.c.objc; path = BarButtonItem.m; sourceTree = "<group>"; };
		EA08328D192F10DD006C0265 /* TabBarController.h */ = {isa = PBXFileReference; fileEncoding = 4; lastKnownFileType = sourcecode.c.h; path = TabBarController.h; sourceTree = "<group>"; };
		EA08328E192F10DD006C0265 /* TabBarController.m */ = {isa = PBXFileReference; fileEncoding = 4; lastKnownFileType = sourcecode.c.objc; path = TabBarController.m; sourceTree = "<group>"; };
		EA083290192F2789006C0265 /* EmptyController.h */ = {isa = PBXFileReference; fileEncoding = 4; lastKnownFileType = sourcecode.c.h; path = EmptyController.h; sourceTree = "<group>"; };
		EA083291192F2789006C0265 /* EmptyController.m */ = {isa = PBXFileReference; fileEncoding = 4; lastKnownFileType = sourcecode.c.objc; path = EmptyController.m; sourceTree = "<group>"; };
		EA083293192F287E006C0265 /* EmptyView.h */ = {isa = PBXFileReference; fileEncoding = 4; lastKnownFileType = sourcecode.c.h; path = EmptyView.h; sourceTree = "<group>"; };
		EA083294192F287E006C0265 /* EmptyView.m */ = {isa = PBXFileReference; fileEncoding = 4; lastKnownFileType = sourcecode.c.objc; path = EmptyView.m; sourceTree = "<group>"; };
		EA083296192F28EE006C0265 /* ColorfulTableView.h */ = {isa = PBXFileReference; fileEncoding = 4; lastKnownFileType = sourcecode.c.h; path = ColorfulTableView.h; sourceTree = "<group>"; };
		EA083297192F28EE006C0265 /* ColorfulTableView.m */ = {isa = PBXFileReference; fileEncoding = 4; lastKnownFileType = sourcecode.c.objc; path = ColorfulTableView.m; sourceTree = "<group>"; };
		EA083299192F2CFC006C0265 /* TableViewCell.h */ = {isa = PBXFileReference; fileEncoding = 4; lastKnownFileType = sourcecode.c.h; path = TableViewCell.h; sourceTree = "<group>"; };
		EA08329A192F2CFC006C0265 /* TableViewCell.m */ = {isa = PBXFileReference; fileEncoding = 4; lastKnownFileType = sourcecode.c.objc; path = TableViewCell.m; sourceTree = "<group>"; };
		EA08329C192F2DE4006C0265 /* SessionListController.h */ = {isa = PBXFileReference; fileEncoding = 4; lastKnownFileType = sourcecode.c.h; path = SessionListController.h; sourceTree = "<group>"; };
		EA08329D192F2DE4006C0265 /* SessionListController.m */ = {isa = PBXFileReference; fileEncoding = 4; lastKnownFileType = sourcecode.c.objc; path = SessionListController.m; sourceTree = "<group>"; };
/* End PBXFileReference section */

/* Begin PBXFrameworksBuildPhase section */
		EA083229192EE056006C0265 /* Frameworks */ = {
			isa = PBXFrameworksBuildPhase;
			buildActionMask = 2147483647;
			files = (
				EA083270192EE659006C0265 /* CoreText.framework in Frameworks */,
				EA08326E192EE61A006C0265 /* MobileCoreServices.framework in Frameworks */,
				EA08326C192EE612006C0265 /* MessageUI.framework in Frameworks */,
				EA08326A192EE609006C0265 /* QuartzCore.framework in Frameworks */,
				EA083268192EE5FA006C0265 /* libNETKit.a in Frameworks */,
				EA083267192EE5F6006C0265 /* libxml2.dylib in Frameworks */,
				EA083232192EE056006C0265 /* CoreGraphics.framework in Frameworks */,
				EA083234192EE056006C0265 /* UIKit.framework in Frameworks */,
				EA083230192EE056006C0265 /* Foundation.framework in Frameworks */,
			);
			runOnlyForDeploymentPostprocessing = 0;
		};
		EA083244192EE056006C0265 /* Frameworks */ = {
			isa = PBXFrameworksBuildPhase;
			buildActionMask = 2147483647;
			files = (
				EA083249192EE056006C0265 /* XCTest.framework in Frameworks */,
				EA08324B192EE056006C0265 /* UIKit.framework in Frameworks */,
				EA08324A192EE056006C0265 /* Foundation.framework in Frameworks */,
			);
			runOnlyForDeploymentPostprocessing = 0;
		};
/* End PBXFrameworksBuildPhase section */

/* Begin PBXGroup section */
		EA083223192EE056006C0265 = {
			isa = PBXGroup;
			children = (
				EA08325E192EE315006C0265 /* NETKit.xcodeproj */,
				EA083235192EE056006C0265 /* iBAEN */,
				EA08324E192EE056006C0265 /* iBAENTests */,
				EA08322E192EE056006C0265 /* Frameworks */,
				EA08322D192EE056006C0265 /* Products */,
			);
			sourceTree = "<group>";
		};
		EA08322D192EE056006C0265 /* Products */ = {
			isa = PBXGroup;
			children = (
				EA08322C192EE056006C0265 /* iBAEN.app */,
				EA083247192EE056006C0265 /* iBAENTests.xctest */,
			);
			name = Products;
			sourceTree = "<group>";
		};
		EA08322E192EE056006C0265 /* Frameworks */ = {
			isa = PBXGroup;
			children = (
				EA08326F192EE659006C0265 /* CoreText.framework */,
				EA08326D192EE61A006C0265 /* MobileCoreServices.framework */,
				EA08326B192EE612006C0265 /* MessageUI.framework */,
				EA083269192EE609006C0265 /* QuartzCore.framework */,
				EA083266192EE5F6006C0265 /* libxml2.dylib */,
				EA08322F192EE056006C0265 /* Foundation.framework */,
				EA083231192EE056006C0265 /* CoreGraphics.framework */,
				EA083233192EE056006C0265 /* UIKit.framework */,
				EA083248192EE056006C0265 /* XCTest.framework */,
			);
			name = Frameworks;
			sourceTree = "<group>";
		};
		EA083235192EE056006C0265 /* iBAEN */ = {
			isa = PBXGroup;
			children = (
				EA083271192EED84006C0265 /* Categories */,
				EA083272192EED84006C0265 /* Cells */,
				EA083273192EED84006C0265 /* Controllers */,
				EA083274192EED84006C0265 /* Follow Model */,
				EA083275192EED84006C0265 /* Instapaper */,
				EA083276192EED84006C0265 /* Views */,
				EA08323E192EE056006C0265 /* AppDelegate.h */,
				EA08323F192EE056006C0265 /* AppDelegate.m */,
				EA083241192EE056006C0265 /* Images.xcassets */,
				EA083236192EE056006C0265 /* Supporting Files */,
			);
			path = iBAEN;
			sourceTree = "<group>";
		};
		EA083236192EE056006C0265 /* Supporting Files */ = {
			isa = PBXGroup;
			children = (
				EA083237192EE056006C0265 /* iBAEN-Info.plist */,
				EA083238192EE056006C0265 /* InfoPlist.strings */,
				EA08323B192EE056006C0265 /* main.m */,
				EA08323D192EE056006C0265 /* iBAEN-Prefix.pch */,
			);
			name = "Supporting Files";
			sourceTree = "<group>";
		};
		EA08324E192EE056006C0265 /* iBAENTests */ = {
			isa = PBXGroup;
			children = (
				EA083254192EE056006C0265 /* iBAENTests.m */,
				EA08324F192EE056006C0265 /* Supporting Files */,
			);
			path = iBAENTests;
			sourceTree = "<group>";
		};
		EA08324F192EE056006C0265 /* Supporting Files */ = {
			isa = PBXGroup;
			children = (
				EA083250192EE056006C0265 /* iBAENTests-Info.plist */,
				EA083251192EE056006C0265 /* InfoPlist.strings */,
			);
			name = "Supporting Files";
			sourceTree = "<group>";
		};
		EA08325F192EE315006C0265 /* Products */ = {
			isa = PBXGroup;
			children = (
				EA083263192EE315006C0265 /* libNETKit.a */,
			);
			name = Products;
			sourceTree = "<group>";
		};
		EA083271192EED84006C0265 /* Categories */ = {
			isa = PBXGroup;
			children = (
				EA08327E192EF879006C0265 /* UIColor+Colorful.h */,
				EA08327F192EF879006C0265 /* UIColor+Colorful.m */,
			);
			path = Categories;
			sourceTree = "<group>";
		};
		EA083272192EED84006C0265 /* Cells */ = {
			isa = PBXGroup;
			children = (
				EA083299192F2CFC006C0265 /* TableViewCell.h */,
				EA08329A192F2CFC006C0265 /* TableViewCell.m */,
			);
			path = Cells;
			sourceTree = "<group>";
		};
		EA083273192EED84006C0265 /* Controllers */ = {
			isa = PBXGroup;
			children = (
				EA083277192EEF35006C0265 /* Containers */,
				EA083290192F2789006C0265 /* EmptyController.h */,
				EA083291192F2789006C0265 /* EmptyController.m */,
			);
			path = Controllers;
			sourceTree = "<group>";
		};
		EA083274192EED84006C0265 /* Follow Model */ = {
			isa = PBXGroup;
			children = (
			);
			path = "Follow Model";
			sourceTree = "<group>";
		};
		EA083275192EED84006C0265 /* Instapaper */ = {
			isa = PBXGroup;
			children = (
			);
			path = Instapaper;
			sourceTree = "<group>";
		};
		EA083276192EED84006C0265 /* Views */ = {
			isa = PBXGroup;
			children = (
				EA083281192EFA3F006C0265 /* ColorfulBarView.h */,
				EA083282192EFA3F006C0265 /* ColorfulBarView.m */,
				EA083284192EFB9B006C0265 /* ColorfulNavigationBar.h */,
				EA083285192EFB9B006C0265 /* ColorfulNavigationBar.m */,
				EA08328A192F102A006C0265 /* BarButtonItem.h */,
				EA08328B192F102A006C0265 /* BarButtonItem.m */,
				EA083293192F287E006C0265 /* EmptyView.h */,
				EA083294192F287E006C0265 /* EmptyView.m */,
				EA083296192F28EE006C0265 /* ColorfulTableView.h */,
				EA083297192F28EE006C0265 /* ColorfulTableView.m */,
			);
			path = Views;
			sourceTree = "<group>";
		};
		EA083277192EEF35006C0265 /* Containers */ = {
			isa = PBXGroup;
			children = (
				EA083278192EEF66006C0265 /* SplitViewController.h */,
				EA083279192EEF66006C0265 /* SplitViewController.m */,
				EA08327B192EF1DA006C0265 /* NavigationController.h */,
				EA08327C192EF1DA006C0265 /* NavigationController.m */,
				EA083287192F0FA6006C0265 /* MainTabBarController.h */,
				EA083288192F0FA6006C0265 /* MainTabBarController.m */,
				EA08328D192F10DD006C0265 /* TabBarController.h */,
				EA08328E192F10DD006C0265 /* TabBarController.m */,
				EA08329C192F2DE4006C0265 /* SessionListController.h */,
				EA08329D192F2DE4006C0265 /* SessionListController.m */,
			);
			name = Containers;
			sourceTree = "<group>";
		};
/* End PBXGroup section */

/* Begin PBXNativeTarget section */
		EA08322B192EE056006C0265 /* iBAEN */ = {
			isa = PBXNativeTarget;
			buildConfigurationList = EA083258192EE056006C0265 /* Build configuration list for PBXNativeTarget "iBAEN" */;
			buildPhases = (
				EA083228192EE056006C0265 /* Sources */,
				EA083229192EE056006C0265 /* Frameworks */,
				EA08322A192EE056006C0265 /* Resources */,
			);
			buildRules = (
			);
			dependencies = (
			);
			name = iBAEN;
			productName = iBAEN;
			productReference = EA08322C192EE056006C0265 /* iBAEN.app */;
			productType = "com.apple.product-type.application";
		};
		EA083246192EE056006C0265 /* iBAENTests */ = {
			isa = PBXNativeTarget;
			buildConfigurationList = EA08325B192EE056006C0265 /* Build configuration list for PBXNativeTarget "iBAENTests" */;
			buildPhases = (
				EA083243192EE056006C0265 /* Sources */,
				EA083244192EE056006C0265 /* Frameworks */,
				EA083245192EE056006C0265 /* Resources */,
			);
			buildRules = (
			);
			dependencies = (
				EA08324D192EE056006C0265 /* PBXTargetDependency */,
			);
			name = iBAENTests;
			productName = iBAENTests;
			productReference = EA083247192EE056006C0265 /* iBAENTests.xctest */;
			productType = "com.apple.product-type.bundle.unit-test";
		};
/* End PBXNativeTarget section */

/* Begin PBXProject section */
		EA083224192EE056006C0265 /* Project object */ = {
			isa = PBXProject;
			attributes = {
				LastUpgradeCheck = 0510;
				ORGANIZATIONNAME = GWrabbit;
				TargetAttributes = {
					EA083246192EE056006C0265 = {
						TestTargetID = EA08322B192EE056006C0265;
					};
				};
			};
			buildConfigurationList = EA083227192EE056006C0265 /* Build configuration list for PBXProject "iBAEN" */;
			compatibilityVersion = "Xcode 3.2";
			developmentRegion = English;
			hasScannedForEncodings = 0;
			knownRegions = (
				en,
			);
			mainGroup = EA083223192EE056006C0265;
			productRefGroup = EA08322D192EE056006C0265 /* Products */;
			projectDirPath = "";
			projectReferences = (
				{
					ProductGroup = EA08325F192EE315006C0265 /* Products */;
					ProjectRef = EA08325E192EE315006C0265 /* NETKit.xcodeproj */;
				},
			);
			projectRoot = "";
			targets = (
				EA08322B192EE056006C0265 /* iBAEN */,
				EA083246192EE056006C0265 /* iBAENTests */,
			);
		};
/* End PBXProject section */

/* Begin PBXReferenceProxy section */
		EA083263192EE315006C0265 /* libNETKit.a */ = {
			isa = PBXReferenceProxy;
			fileType = archive.ar;
			path = libNETKit.a;
			remoteRef = EA083262192EE315006C0265 /* PBXContainerItemProxy */;
			sourceTree = BUILT_PRODUCTS_DIR;
		};
/* End PBXReferenceProxy section */

/* Begin PBXResourcesBuildPhase section */
		EA08322A192EE056006C0265 /* Resources */ = {
			isa = PBXResourcesBuildPhase;
			buildActionMask = 2147483647;
			files = (
				EA08323A192EE056006C0265 /* InfoPlist.strings in Resources */,
				EA083242192EE056006C0265 /* Images.xcassets in Resources */,
			);
			runOnlyForDeploymentPostprocessing = 0;
		};
		EA083245192EE056006C0265 /* Resources */ = {
			isa = PBXResourcesBuildPhase;
			buildActionMask = 2147483647;
			files = (
				EA083253192EE056006C0265 /* InfoPlist.strings in Resources */,
			);
			runOnlyForDeploymentPostprocessing = 0;
		};
/* End PBXResourcesBuildPhase section */

/* Begin PBXSourcesBuildPhase section */
		EA083228192EE056006C0265 /* Sources */ = {
			isa = PBXSourcesBuildPhase;
			buildActionMask = 2147483647;
			files = (
				EA08328C192F102A006C0265 /* BarButtonItem.m in Sources */,
				EA083240192EE056006C0265 /* AppDelegate.m in Sources */,
				EA08329E192F2DE4006C0265 /* SessionListController.m in Sources */,
				EA083280192EF879006C0265 /* UIColor+Colorful.m in Sources */,
				EA083283192EFA3F006C0265 /* ColorfulBarView.m in Sources */,
				EA08327D192EF1DA006C0265 /* NavigationController.m in Sources */,
				EA083286192EFB9B006C0265 /* ColorfulNavigationBar.m in Sources */,
				EA08327A192EEF66006C0265 /* SplitViewController.m in Sources */,
				EA08329B192F2CFC006C0265 /* TableViewCell.m in Sources */,
				EA083298192F28EE006C0265 /* ColorfulTableView.m in Sources */,
				EA083292192F2789006C0265 /* EmptyController.m in Sources */,
				EA083295192F287E006C0265 /* EmptyView.m in Sources */,
				EA08328F192F10DD006C0265 /* TabBarController.m in Sources */,
				EA083289192F0FA6006C0265 /* MainTabBarController.m in Sources */,
				EA08323C192EE056006C0265 /* main.m in Sources */,
			);
			runOnlyForDeploymentPostprocessing = 0;
		};
		EA083243192EE056006C0265 /* Sources */ = {
			isa = PBXSourcesBuildPhase;
			buildActionMask = 2147483647;
			files = (
				EA083255192EE056006C0265 /* iBAENTests.m in Sources */,
			);
			runOnlyForDeploymentPostprocessing = 0;
		};
/* End PBXSourcesBuildPhase section */

/* Begin PBXTargetDependency section */
		EA08324D192EE056006C0265 /* PBXTargetDependency */ = {
			isa = PBXTargetDependency;
			target = EA08322B192EE056006C0265 /* iBAEN */;
			targetProxy = EA08324C192EE056006C0265 /* PBXContainerItemProxy */;
		};
/* End PBXTargetDependency section */

/* Begin PBXVariantGroup section */
		EA083238192EE056006C0265 /* InfoPlist.strings */ = {
			isa = PBXVariantGroup;
			children = (
				EA083239192EE056006C0265 /* en */,
			);
			name = InfoPlist.strings;
			sourceTree = "<group>";
		};
		EA083251192EE056006C0265 /* InfoPlist.strings */ = {
			isa = PBXVariantGroup;
			children = (
				EA083252192EE056006C0265 /* en */,
			);
			name = InfoPlist.strings;
			sourceTree = "<group>";
		};
/* End PBXVariantGroup section */

/* Begin XCBuildConfiguration section */
		EA083256192EE056006C0265 /* Debug */ = {
			isa = XCBuildConfiguration;
			buildSettings = {
				ALWAYS_SEARCH_USER_PATHS = YES;
				CLANG_CXX_LANGUAGE_STANDARD = "gnu++0x";
				CLANG_CXX_LIBRARY = "libc++";
				CLANG_ENABLE_MODULES = YES;
				CLANG_ENABLE_OBJC_ARC = YES;
				CLANG_WARN_BOOL_CONVERSION = YES;
				CLANG_WARN_CONSTANT_CONVERSION = YES;
				CLANG_WARN_DIRECT_OBJC_ISA_USAGE = YES_ERROR;
				CLANG_WARN_EMPTY_BODY = YES;
				CLANG_WARN_ENUM_CONVERSION = YES;
				CLANG_WARN_INT_CONVERSION = YES;
				CLANG_WARN_OBJC_ROOT_CLASS = YES_ERROR;
				CLANG_WARN__DUPLICATE_METHOD_MATCH = YES;
				CODE_SIGN_IDENTITY = "iPhone Developer: Feng YongHeng (28WN55KXEL)";
				"CODE_SIGN_IDENTITY[sdk=iphoneos*]" = "iPhone Developer: Feng YongHeng (28WN55KXEL)";
				COPY_PHASE_STRIP = NO;
				GCC_C_LANGUAGE_STANDARD = gnu99;
				GCC_DYNAMIC_NO_PIC = NO;
				GCC_OPTIMIZATION_LEVEL = 0;
				GCC_PREPROCESSOR_DEFINITIONS = (
					"DEBUG=1",
					"$(inherited)",
				);
				GCC_SYMBOLS_PRIVATE_EXTERN = NO;
				GCC_WARN_64_TO_32_BIT_CONVERSION = YES;
				GCC_WARN_ABOUT_RETURN_TYPE = YES_ERROR;
				GCC_WARN_UNDECLARED_SELECTOR = YES;
				GCC_WARN_UNINITIALIZED_AUTOS = YES_AGGRESSIVE;
				GCC_WARN_UNUSED_FUNCTION = YES;
				GCC_WARN_UNUSED_VARIABLE = YES;
				HEADER_SEARCH_PATHS = "/usr/include/libxml2/**";
				IPHONEOS_DEPLOYMENT_TARGET = 7.1;
				ONLY_ACTIVE_ARCH = YES;
				SDKROOT = iphoneos;
				TARGETED_DEVICE_FAMILY = "1,2";
			};
			name = Debug;
		};
		EA083257192EE056006C0265 /* Release */ = {
			isa = XCBuildConfiguration;
			buildSettings = {
				ALWAYS_SEARCH_USER_PATHS = YES;
				CLANG_CXX_LANGUAGE_STANDARD = "gnu++0x";
				CLANG_CXX_LIBRARY = "libc++";
				CLANG_ENABLE_MODULES = YES;
				CLANG_ENABLE_OBJC_ARC = YES;
				CLANG_WARN_BOOL_CONVERSION = YES;
				CLANG_WARN_CONSTANT_CONVERSION = YES;
				CLANG_WARN_DIRECT_OBJC_ISA_USAGE = YES_ERROR;
				CLANG_WARN_EMPTY_BODY = YES;
				CLANG_WARN_ENUM_CONVERSION = YES;
				CLANG_WARN_INT_CONVERSION = YES;
				CLANG_WARN_OBJC_ROOT_CLASS = YES_ERROR;
				CLANG_WARN__DUPLICATE_METHOD_MATCH = YES;
				CODE_SIGN_IDENTITY = "iPhone Developer: Feng YongHeng (28WN55KXEL)";
				"CODE_SIGN_IDENTITY[sdk=iphoneos*]" = "iPhone Developer: Feng YongHeng (28WN55KXEL)";
				COPY_PHASE_STRIP = YES;
				ENABLE_NS_ASSERTIONS = NO;
				GCC_C_LANGUAGE_STANDARD = gnu99;
				GCC_WARN_64_TO_32_BIT_CONVERSION = YES;
				GCC_WARN_ABOUT_RETURN_TYPE = YES_ERROR;
				GCC_WARN_UNDECLARED_SELECTOR = YES;
				GCC_WARN_UNINITIALIZED_AUTOS = YES_AGGRESSIVE;
				GCC_WARN_UNUSED_FUNCTION = YES;
				GCC_WARN_UNUSED_VARIABLE = YES;
				HEADER_SEARCH_PATHS = "/usr/include/libxml2/**";
				IPHONEOS_DEPLOYMENT_TARGET = 7.1;
				SDKROOT = iphoneos;
				TARGETED_DEVICE_FAMILY = "1,2";
				VALIDATE_PRODUCT = YES;
			};
			name = Release;
		};
		EA083259192EE056006C0265 /* Debug */ = {
			isa = XCBuildConfiguration;
			buildSettings = {
				ASSETCATALOG_COMPILER_APPICON_NAME = AppIcon;
				ASSETCATALOG_COMPILER_LAUNCHIMAGE_NAME = LaunchImage;
				CLANG_ENABLE_OBJC_ARC = NO;
				CODE_SIGN_IDENTITY = "iPhone Developer: Feng YongHeng (28WN55KXEL)";
				GCC_PRECOMPILE_PREFIX_HEADER = YES;
				GCC_PREFIX_HEADER = "iBAEN/iBAEN-Prefix.pch";
				HEADER_SEARCH_PATHS = /usr/include/libxml2;
				INFOPLIST_FILE = "iBAEN/iBAEN-Info.plist";
				OTHER_LDFLAGS = "-all_load";
				PRODUCT_NAME = "$(TARGET_NAME)";
				WRAPPER_EXTENSION = app;
			};
			name = Debug;
		};
		EA08325A192EE056006C0265 /* Release */ = {
			isa = XCBuildConfiguration;
			buildSettings = {
				ASSETCATALOG_COMPILER_APPICON_NAME = AppIcon;
				ASSETCATALOG_COMPILER_LAUNCHIMAGE_NAME = LaunchImage;
				CLANG_ENABLE_OBJC_ARC = NO;
				CODE_SIGN_IDENTITY = "iPhone Developer: Feng YongHeng (28WN55KXEL)";
				GCC_PRECOMPILE_PREFIX_HEADER = YES;
				GCC_PREFIX_HEADER = "iBAEN/iBAEN-Prefix.pch";
				HEADER_SEARCH_PATHS = /usr/include/libxml2;
				INFOPLIST_FILE = "iBAEN/iBAEN-Info.plist";
				OTHER_LDFLAGS = "-all_load";
				PRODUCT_NAME = "$(TARGET_NAME)";
				WRAPPER_EXTENSION = app;
			};
			name = Release;
		};
		EA08325C192EE056006C0265 /* Debug */ = {
			isa = XCBuildConfiguration;
			buildSettings = {
				BUNDLE_LOADER = "$(BUILT_PRODUCTS_DIR)/iBAEN.app/iBAEN";
				FRAMEWORK_SEARCH_PATHS = (
					"$(SDKROOT)/Developer/Library/Frameworks",
					"$(inherited)",
					"$(DEVELOPER_FRAMEWORKS_DIR)",
				);
				GCC_PRECOMPILE_PREFIX_HEADER = YES;
				GCC_PREFIX_HEADER = "iBAEN/iBAEN-Prefix.pch";
				GCC_PREPROCESSOR_DEFINITIONS = (
					"DEBUG=1",
					"$(inherited)",
				);
				INFOPLIST_FILE = "iBAENTests/iBAENTests-Info.plist";
				PRODUCT_NAME = "$(TARGET_NAME)";
				TEST_HOST = "$(BUNDLE_LOADER)";
				WRAPPER_EXTENSION = xctest;
			};
			name = Debug;
		};
		EA08325D192EE056006C0265 /* Release */ = {
			isa = XCBuildConfiguration;
			buildSettings = {
				BUNDLE_LOADER = "$(BUILT_PRODUCTS_DIR)/iBAEN.app/iBAEN";
				FRAMEWORK_SEARCH_PATHS = (
					"$(SDKROOT)/Developer/Library/Frameworks",
					"$(inherited)",
					"$(DEVELOPER_FRAMEWORKS_DIR)",
				);
				GCC_PRECOMPILE_PREFIX_HEADER = YES;
				GCC_PREFIX_HEADER = "iBAEN/iBAEN-Prefix.pch";
				INFOPLIST_FILE = "iBAENTests/iBAENTests-Info.plist";
				PRODUCT_NAME = "$(TARGET_NAME)";
				TEST_HOST = "$(BUNDLE_LOADER)";
				WRAPPER_EXTENSION = xctest;
			};
			name = Release;
		};
/* End XCBuildConfiguration section */

/* Begin XCConfigurationList section */
		EA083227192EE056006C0265 /* Build configuration list for PBXProject "iBAEN" */ = {
			isa = XCConfigurationList;
			buildConfigurations = (
				EA083256192EE056006C0265 /* Debug */,
				EA083257192EE056006C0265 /* Release */,
			);
			defaultConfigurationIsVisible = 0;
			defaultConfigurationName = Release;
		};
		EA083258192EE056006C0265 /* Build configuration list for PBXNativeTarget "iBAEN" */ = {
			isa = XCConfigurationList;
			buildConfigurations = (
				EA083259192EE056006C0265 /* Debug */,
				EA08325A192EE056006C0265 /* Release */,
			);
			defaultConfigurationIsVisible = 0;
		};
		EA08325B192EE056006C0265 /* Build configuration list for PBXNativeTarget "iBAENTests" */ = {
			isa = XCConfigurationList;
			buildConfigurations = (
				EA08325C192EE056006C0265 /* Debug */,
				EA08325D192EE056006C0265 /* Release */,
			);
			defaultConfigurationIsVisible = 0;
		};
/* End XCConfigurationList section */
	};
	rootObject = EA083224192EE056006C0265 /* Project object */;
}
