// !$*UTF8*$!
{
	archiveVersion = 1;
	classes = {
	};
	objectVersion = 46;
	objects = {

/* Begin PBXBuildFile section */
		EA4C9DC9192D97D6006D6B20 /* Foundation.framework in Frameworks */ = {isa = PBXBuildFile; fileRef = EA4C9DC8192D97D6006D6B20 /* Foundation.framework */; };
		EA4C9DCB192D97D6006D6B20 /* CoreGraphics.framework in Frameworks */ = {isa = PBXBuildFile; fileRef = EA4C9DCA192D97D6006D6B20 /* CoreGraphics.framework */; };
		EA4C9DCD192D97D6006D6B20 /* UIKit.framework in Frameworks */ = {isa = PBXBuildFile; fileRef = EA4C9DCC192D97D6006D6B20 /* UIKit.framework */; };
		EA4C9DD3192D97D6006D6B20 /* InfoPlist.strings in Resources */ = {isa = PBXBuildFile; fileRef = EA4C9DD1192D97D6006D6B20 /* InfoPlist.strings */; };
		EA4C9DD5192D97D6006D6B20 /* main.m in Sources */ = {isa = PBXBuildFile; fileRef = EA4C9DD4192D97D6006D6B20 /* main.m */; };
		EA4C9DD9192D97D6006D6B20 /* AppDelegate.m in Sources */ = {isa = PBXBuildFile; fileRef = EA4C9DD8192D97D6006D6B20 /* AppDelegate.m */; };
		EA4C9DDB192D97D6006D6B20 /* Images.xcassets in Resources */ = {isa = PBXBuildFile; fileRef = EA4C9DDA192D97D6006D6B20 /* Images.xcassets */; };
		EA4C9DE2192D97D6006D6B20 /* XCTest.framework in Frameworks */ = {isa = PBXBuildFile; fileRef = EA4C9DE1192D97D6006D6B20 /* XCTest.framework */; };
		EA4C9DE3192D97D6006D6B20 /* Foundation.framework in Frameworks */ = {isa = PBXBuildFile; fileRef = EA4C9DC8192D97D6006D6B20 /* Foundation.framework */; };
		EA4C9DE4192D97D6006D6B20 /* UIKit.framework in Frameworks */ = {isa = PBXBuildFile; fileRef = EA4C9DCC192D97D6006D6B20 /* UIKit.framework */; };
		EA4C9DEC192D97D6006D6B20 /* InfoPlist.strings in Resources */ = {isa = PBXBuildFile; fileRef = EA4C9DEA192D97D6006D6B20 /* InfoPlist.strings */; };
		EA4C9DEE192D97D6006D6B20 /* iBAENTests.m in Sources */ = {isa = PBXBuildFile; fileRef = EA4C9DED192D97D6006D6B20 /* iBAENTests.m */; };
/* End PBXBuildFile section */

/* Begin PBXContainerItemProxy section */
		EA4C9DE5192D97D6006D6B20 /* PBXContainerItemProxy */ = {
			isa = PBXContainerItemProxy;
			containerPortal = EA4C9DBD192D97D6006D6B20 /* Project object */;
			proxyType = 1;
			remoteGlobalIDString = EA4C9DC4192D97D6006D6B20;
			remoteInfo = iBAEN;
		};
/* End PBXContainerItemProxy section */

/* Begin PBXFileReference section */
		EA4C9DC5192D97D6006D6B20 /* iBAEN.app */ = {isa = PBXFileReference; explicitFileType = wrapper.application; includeInIndex = 0; path = iBAEN.app; sourceTree = BUILT_PRODUCTS_DIR; };
		EA4C9DC8192D97D6006D6B20 /* Foundation.framework */ = {isa = PBXFileReference; lastKnownFileType = wrapper.framework; name = Foundation.framework; path = System/Library/Frameworks/Foundation.framework; sourceTree = SDKROOT; };
		EA4C9DCA192D97D6006D6B20 /* CoreGraphics.framework */ = {isa = PBXFileReference; lastKnownFileType = wrapper.framework; name = CoreGraphics.framework; path = System/Library/Frameworks/CoreGraphics.framework; sourceTree = SDKROOT; };
		EA4C9DCC192D97D6006D6B20 /* UIKit.framework */ = {isa = PBXFileReference; lastKnownFileType = wrapper.framework; name = UIKit.framework; path = System/Library/Frameworks/UIKit.framework; sourceTree = SDKROOT; };
		EA4C9DD0192D97D6006D6B20 /* iBAEN-Info.plist */ = {isa = PBXFileReference; lastKnownFileType = text.plist.xml; path = "iBAEN-Info.plist"; sourceTree = "<group>"; };
		EA4C9DD2192D97D6006D6B20 /* en */ = {isa = PBXFileReference; lastKnownFileType = text.plist.strings; name = en; path = en.lproj/InfoPlist.strings; sourceTree = "<group>"; };
		EA4C9DD4192D97D6006D6B20 /* main.m */ = {isa = PBXFileReference; lastKnownFileType = sourcecode.c.objc; path = main.m; sourceTree = "<group>"; };
		EA4C9DD6192D97D6006D6B20 /* iBAEN-Prefix.pch */ = {isa = PBXFileReference; lastKnownFileType = sourcecode.c.h; path = "iBAEN-Prefix.pch"; sourceTree = "<group>"; };
		EA4C9DD7192D97D6006D6B20 /* AppDelegate.h */ = {isa = PBXFileReference; lastKnownFileType = sourcecode.c.h; path = AppDelegate.h; sourceTree = "<group>"; };
		EA4C9DD8192D97D6006D6B20 /* AppDelegate.m */ = {isa = PBXFileReference; lastKnownFileType = sourcecode.c.objc; path = AppDelegate.m; sourceTree = "<group>"; };
		EA4C9DDA192D97D6006D6B20 /* Images.xcassets */ = {isa = PBXFileReference; lastKnownFileType = folder.assetcatalog; path = Images.xcassets; sourceTree = "<group>"; };
		EA4C9DE0192D97D6006D6B20 /* iBAENTests.xctest */ = {isa = PBXFileReference; explicitFileType = wrapper.cfbundle; includeInIndex = 0; path = iBAENTests.xctest; sourceTree = BUILT_PRODUCTS_DIR; };
		EA4C9DE1192D97D6006D6B20 /* XCTest.framework */ = {isa = PBXFileReference; lastKnownFileType = wrapper.framework; name = XCTest.framework; path = Library/Frameworks/XCTest.framework; sourceTree = DEVELOPER_DIR; };
		EA4C9DE9192D97D6006D6B20 /* iBAENTests-Info.plist */ = {isa = PBXFileReference; lastKnownFileType = text.plist.xml; path = "iBAENTests-Info.plist"; sourceTree = "<group>"; };
		EA4C9DEB192D97D6006D6B20 /* en */ = {isa = PBXFileReference; lastKnownFileType = text.plist.strings; name = en; path = en.lproj/InfoPlist.strings; sourceTree = "<group>"; };
		EA4C9DED192D97D6006D6B20 /* iBAENTests.m */ = {isa = PBXFileReference; lastKnownFileType = sourcecode.c.objc; path = iBAENTests.m; sourceTree = "<group>"; };
/* End PBXFileReference section */

/* Begin PBXFrameworksBuildPhase section */
		EA4C9DC2192D97D6006D6B20 /* Frameworks */ = {
			isa = PBXFrameworksBuildPhase;
			buildActionMask = 2147483647;
			files = (
				EA4C9DCB192D97D6006D6B20 /* CoreGraphics.framework in Frameworks */,
				EA4C9DCD192D97D6006D6B20 /* UIKit.framework in Frameworks */,
				EA4C9DC9192D97D6006D6B20 /* Foundation.framework in Frameworks */,
			);
			runOnlyForDeploymentPostprocessing = 0;
		};
		EA4C9DDD192D97D6006D6B20 /* Frameworks */ = {
			isa = PBXFrameworksBuildPhase;
			buildActionMask = 2147483647;
			files = (
				EA4C9DE2192D97D6006D6B20 /* XCTest.framework in Frameworks */,
				EA4C9DE4192D97D6006D6B20 /* UIKit.framework in Frameworks */,
				EA4C9DE3192D97D6006D6B20 /* Foundation.framework in Frameworks */,
			);
			runOnlyForDeploymentPostprocessing = 0;
		};
/* End PBXFrameworksBuildPhase section */

/* Begin PBXGroup section */
		EA4C9DBC192D97D6006D6B20 = {
			isa = PBXGroup;
			children = (
				EA4C9DCE192D97D6006D6B20 /* iBAEN */,
				EA4C9DE7192D97D6006D6B20 /* iBAENTests */,
				EA4C9DC7192D97D6006D6B20 /* Frameworks */,
				EA4C9DC6192D97D6006D6B20 /* Products */,
			);
			sourceTree = "<group>";
		};
		EA4C9DC6192D97D6006D6B20 /* Products */ = {
			isa = PBXGroup;
			children = (
				EA4C9DC5192D97D6006D6B20 /* iBAEN.app */,
				EA4C9DE0192D97D6006D6B20 /* iBAENTests.xctest */,
			);
			name = Products;
			sourceTree = "<group>";
		};
		EA4C9DC7192D97D6006D6B20 /* Frameworks */ = {
			isa = PBXGroup;
			children = (
				EA4C9DC8192D97D6006D6B20 /* Foundation.framework */,
				EA4C9DCA192D97D6006D6B20 /* CoreGraphics.framework */,
				EA4C9DCC192D97D6006D6B20 /* UIKit.framework */,
				EA4C9DE1192D97D6006D6B20 /* XCTest.framework */,
			);
			name = Frameworks;
			sourceTree = "<group>";
		};
		EA4C9DCE192D97D6006D6B20 /* iBAEN */ = {
			isa = PBXGroup;
			children = (
				EA4C9DD7192D97D6006D6B20 /* AppDelegate.h */,
				EA4C9DD8192D97D6006D6B20 /* AppDelegate.m */,
				EA4C9DDA192D97D6006D6B20 /* Images.xcassets */,
				EA4C9DCF192D97D6006D6B20 /* Supporting Files */,
			);
			path = iBAEN;
			sourceTree = "<group>";
		};
		EA4C9DCF192D97D6006D6B20 /* Supporting Files */ = {
			isa = PBXGroup;
			children = (
				EA4C9DD0192D97D6006D6B20 /* iBAEN-Info.plist */,
				EA4C9DD1192D97D6006D6B20 /* InfoPlist.strings */,
				EA4C9DD4192D97D6006D6B20 /* main.m */,
				EA4C9DD6192D97D6006D6B20 /* iBAEN-Prefix.pch */,
			);
			name = "Supporting Files";
			sourceTree = "<group>";
		};
		EA4C9DE7192D97D6006D6B20 /* iBAENTests */ = {
			isa = PBXGroup;
			children = (
				EA4C9DED192D97D6006D6B20 /* iBAENTests.m */,
				EA4C9DE8192D97D6006D6B20 /* Supporting Files */,
			);
			path = iBAENTests;
			sourceTree = "<group>";
		};
		EA4C9DE8192D97D6006D6B20 /* Supporting Files */ = {
			isa = PBXGroup;
			children = (
				EA4C9DE9192D97D6006D6B20 /* iBAENTests-Info.plist */,
				EA4C9DEA192D97D6006D6B20 /* InfoPlist.strings */,
			);
			name = "Supporting Files";
			sourceTree = "<group>";
		};
/* End PBXGroup section */

/* Begin PBXNativeTarget section */
		EA4C9DC4192D97D6006D6B20 /* iBAEN */ = {
			isa = PBXNativeTarget;
			buildConfigurationList = EA4C9DF1192D97D6006D6B20 /* Build configuration list for PBXNativeTarget "iBAEN" */;
			buildPhases = (
				EA4C9DC1192D97D6006D6B20 /* Sources */,
				EA4C9DC2192D97D6006D6B20 /* Frameworks */,
				EA4C9DC3192D97D6006D6B20 /* Resources */,
			);
			buildRules = (
			);
			dependencies = (
			);
			name = iBAEN;
			productName = iBAEN;
			productReference = EA4C9DC5192D97D6006D6B20 /* iBAEN.app */;
			productType = "com.apple.product-type.application";
		};
		EA4C9DDF192D97D6006D6B20 /* iBAENTests */ = {
			isa = PBXNativeTarget;
			buildConfigurationList = EA4C9DF4192D97D6006D6B20 /* Build configuration list for PBXNativeTarget "iBAENTests" */;
			buildPhases = (
				EA4C9DDC192D97D6006D6B20 /* Sources */,
				EA4C9DDD192D97D6006D6B20 /* Frameworks */,
				EA4C9DDE192D97D6006D6B20 /* Resources */,
			);
			buildRules = (
			);
			dependencies = (
				EA4C9DE6192D97D6006D6B20 /* PBXTargetDependency */,
			);
			name = iBAENTests;
			productName = iBAENTests;
			productReference = EA4C9DE0192D97D6006D6B20 /* iBAENTests.xctest */;
			productType = "com.apple.product-type.bundle.unit-test";
		};
/* End PBXNativeTarget section */

/* Begin PBXProject section */
		EA4C9DBD192D97D6006D6B20 /* Project object */ = {
			isa = PBXProject;
			attributes = {
				LastUpgradeCheck = 0510;
				ORGANIZATIONNAME = GWrabbit;
				TargetAttributes = {
					EA4C9DDF192D97D6006D6B20 = {
						TestTargetID = EA4C9DC4192D97D6006D6B20;
					};
				};
			};
			buildConfigurationList = EA4C9DC0192D97D6006D6B20 /* Build configuration list for PBXProject "iBAEN" */;
			compatibilityVersion = "Xcode 3.2";
			developmentRegion = English;
			hasScannedForEncodings = 0;
			knownRegions = (
				en,
			);
			mainGroup = EA4C9DBC192D97D6006D6B20;
			productRefGroup = EA4C9DC6192D97D6006D6B20 /* Products */;
			projectDirPath = "";
			projectRoot = "";
			targets = (
				EA4C9DC4192D97D6006D6B20 /* iBAEN */,
				EA4C9DDF192D97D6006D6B20 /* iBAENTests */,
			);
		};
/* End PBXProject section */

/* Begin PBXResourcesBuildPhase section */
		EA4C9DC3192D97D6006D6B20 /* Resources */ = {
			isa = PBXResourcesBuildPhase;
			buildActionMask = 2147483647;
			files = (
				EA4C9DD3192D97D6006D6B20 /* InfoPlist.strings in Resources */,
				EA4C9DDB192D97D6006D6B20 /* Images.xcassets in Resources */,
			);
			runOnlyForDeploymentPostprocessing = 0;
		};
		EA4C9DDE192D97D6006D6B20 /* Resources */ = {
			isa = PBXResourcesBuildPhase;
			buildActionMask = 2147483647;
			files = (
				EA4C9DEC192D97D6006D6B20 /* InfoPlist.strings in Resources */,
			);
			runOnlyForDeploymentPostprocessing = 0;
		};
/* End PBXResourcesBuildPhase section */

/* Begin PBXSourcesBuildPhase section */
		EA4C9DC1192D97D6006D6B20 /* Sources */ = {
			isa = PBXSourcesBuildPhase;
			buildActionMask = 2147483647;
			files = (
				EA4C9DD9192D97D6006D6B20 /* AppDelegate.m in Sources */,
				EA4C9DD5192D97D6006D6B20 /* main.m in Sources */,
			);
			runOnlyForDeploymentPostprocessing = 0;
		};
		EA4C9DDC192D97D6006D6B20 /* Sources */ = {
			isa = PBXSourcesBuildPhase;
			buildActionMask = 2147483647;
			files = (
				EA4C9DEE192D97D6006D6B20 /* iBAENTests.m in Sources */,
			);
			runOnlyForDeploymentPostprocessing = 0;
		};
/* End PBXSourcesBuildPhase section */

/* Begin PBXTargetDependency section */
		EA4C9DE6192D97D6006D6B20 /* PBXTargetDependency */ = {
			isa = PBXTargetDependency;
			target = EA4C9DC4192D97D6006D6B20 /* iBAEN */;
			targetProxy = EA4C9DE5192D97D6006D6B20 /* PBXContainerItemProxy */;
		};
/* End PBXTargetDependency section */

/* Begin PBXVariantGroup section */
		EA4C9DD1192D97D6006D6B20 /* InfoPlist.strings */ = {
			isa = PBXVariantGroup;
			children = (
				EA4C9DD2192D97D6006D6B20 /* en */,
			);
			name = InfoPlist.strings;
			sourceTree = "<group>";
		};
		EA4C9DEA192D97D6006D6B20 /* InfoPlist.strings */ = {
			isa = PBXVariantGroup;
			children = (
				EA4C9DEB192D97D6006D6B20 /* en */,
			);
			name = InfoPlist.strings;
			sourceTree = "<group>";
		};
/* End PBXVariantGroup section */

/* Begin XCBuildConfiguration section */
		EA4C9DEF192D97D6006D6B20 /* Debug */ = {
			isa = XCBuildConfiguration;
			buildSettings = {
				ALWAYS_SEARCH_USER_PATHS = NO;
				CLANG_CXX_LANGUAGE_STANDARD = "gnu++0x";
				CLANG_CXX_LIBRARY = "libc++";
				CLANG_ENABLE_MODULES = YES;
				CLANG_ENABLE_OBJC_ARC = YES;
				CLANG_WARN_BOOL_CONVERSION = YES;
				CLANG_WARN_CONSTANT_CONVERSION = YES;
				CLANG_WARN_DIRECT_OBJC_ISA_USAGE = YES_ERROR;
				CLANG_WARN_EMPTY_BODY = YES;
				CLANG_WARN_ENUM_CONVERSION = YES;
				CLANG_WARN_INT_CONVERSION = YES;
				CLANG_WARN_OBJC_ROOT_CLASS = YES_ERROR;
				CLANG_WARN__DUPLICATE_METHOD_MATCH = YES;
				"CODE_SIGN_IDENTITY[sdk=iphoneos*]" = "iPhone Developer";
				COPY_PHASE_STRIP = NO;
				GCC_C_LANGUAGE_STANDARD = gnu99;
				GCC_DYNAMIC_NO_PIC = NO;
				GCC_OPTIMIZATION_LEVEL = 0;
				GCC_PREPROCESSOR_DEFINITIONS = (
					"DEBUG=1",
					"$(inherited)",
				);
				GCC_SYMBOLS_PRIVATE_EXTERN = NO;
				GCC_WARN_64_TO_32_BIT_CONVERSION = YES;
				GCC_WARN_ABOUT_RETURN_TYPE = YES_ERROR;
				GCC_WARN_UNDECLARED_SELECTOR = YES;
				GCC_WARN_UNINITIALIZED_AUTOS = YES_AGGRESSIVE;
				GCC_WARN_UNUSED_FUNCTION = YES;
				GCC_WARN_UNUSED_VARIABLE = YES;
				IPHONEOS_DEPLOYMENT_TARGET = 7.1;
				ONLY_ACTIVE_ARCH = YES;
				SDKROOT = iphoneos;
				TARGETED_DEVICE_FAMILY = "1,2";
			};
			name = Debug;
		};
		EA4C9DF0192D97D6006D6B20 /* Release */ = {
			isa = XCBuildConfiguration;
			buildSettings = {
				ALWAYS_SEARCH_USER_PATHS = NO;
				CLANG_CXX_LANGUAGE_STANDARD = "gnu++0x";
				CLANG_CXX_LIBRARY = "libc++";
				CLANG_ENABLE_MODULES = YES;
				CLANG_ENABLE_OBJC_ARC = YES;
				CLANG_WARN_BOOL_CONVERSION = YES;
				CLANG_WARN_CONSTANT_CONVERSION = YES;
				CLANG_WARN_DIRECT_OBJC_ISA_USAGE = YES_ERROR;
				CLANG_WARN_EMPTY_BODY = YES;
				CLANG_WARN_ENUM_CONVERSION = YES;
				CLANG_WARN_INT_CONVERSION = YES;
				CLANG_WARN_OBJC_ROOT_CLASS = YES_ERROR;
				CLANG_WARN__DUPLICATE_METHOD_MATCH = YES;
				"CODE_SIGN_IDENTITY[sdk=iphoneos*]" = "iPhone Developer";
				COPY_PHASE_STRIP = YES;
				ENABLE_NS_ASSERTIONS = NO;
				GCC_C_LANGUAGE_STANDARD = gnu99;
				GCC_WARN_64_TO_32_BIT_CONVERSION = YES;
				GCC_WARN_ABOUT_RETURN_TYPE = YES_ERROR;
				GCC_WARN_UNDECLARED_SELECTOR = YES;
				GCC_WARN_UNINITIALIZED_AUTOS = YES_AGGRESSIVE;
				GCC_WARN_UNUSED_FUNCTION = YES;
				GCC_WARN_UNUSED_VARIABLE = YES;
				IPHONEOS_DEPLOYMENT_TARGET = 7.1;
				SDKROOT = iphoneos;
				TARGETED_DEVICE_FAMILY = "1,2";
				VALIDATE_PRODUCT = YES;
			};
			name = Release;
		};
		EA4C9DF2192D97D6006D6B20 /* Debug */ = {
			isa = XCBuildConfiguration;
			buildSettings = {
				ASSETCATALOG_COMPILER_APPICON_NAME = AppIcon;
				ASSETCATALOG_COMPILER_LAUNCHIMAGE_NAME = LaunchImage;
				GCC_PRECOMPILE_PREFIX_HEADER = YES;
				GCC_PREFIX_HEADER = "iBAEN/iBAEN-Prefix.pch";
				INFOPLIST_FILE = "iBAEN/iBAEN-Info.plist";
				PRODUCT_NAME = "$(TARGET_NAME)";
				WRAPPER_EXTENSION = app;
			};
			name = Debug;
		};
		EA4C9DF3192D97D6006D6B20 /* Release */ = {
			isa = XCBuildConfiguration;
			buildSettings = {
				ASSETCATALOG_COMPILER_APPICON_NAME = AppIcon;
				ASSETCATALOG_COMPILER_LAUNCHIMAGE_NAME = LaunchImage;
				GCC_PRECOMPILE_PREFIX_HEADER = YES;
				GCC_PREFIX_HEADER = "iBAEN/iBAEN-Prefix.pch";
				INFOPLIST_FILE = "iBAEN/iBAEN-Info.plist";
				PRODUCT_NAME = "$(TARGET_NAME)";
				WRAPPER_EXTENSION = app;
			};
			name = Release;
		};
		EA4C9DF5192D97D6006D6B20 /* Debug */ = {
			isa = XCBuildConfiguration;
			buildSettings = {
				BUNDLE_LOADER = "$(BUILT_PRODUCTS_DIR)/iBAEN.app/iBAEN";
				FRAMEWORK_SEARCH_PATHS = (
					"$(SDKROOT)/Developer/Library/Frameworks",
					"$(inherited)",
					"$(DEVELOPER_FRAMEWORKS_DIR)",
				);
				GCC_PRECOMPILE_PREFIX_HEADER = YES;
				GCC_PREFIX_HEADER = "iBAEN/iBAEN-Prefix.pch";
				GCC_PREPROCESSOR_DEFINITIONS = (
					"DEBUG=1",
					"$(inherited)",
				);
				INFOPLIST_FILE = "iBAENTests/iBAENTests-Info.plist";
				PRODUCT_NAME = "$(TARGET_NAME)";
				TEST_HOST = "$(BUNDLE_LOADER)";
				WRAPPER_EXTENSION = xctest;
			};
			name = Debug;
		};
		EA4C9DF6192D97D6006D6B20 /* Release */ = {
			isa = XCBuildConfiguration;
			buildSettings = {
				BUNDLE_LOADER = "$(BUILT_PRODUCTS_DIR)/iBAEN.app/iBAEN";
				FRAMEWORK_SEARCH_PATHS = (
					"$(SDKROOT)/Developer/Library/Frameworks",
					"$(inherited)",
					"$(DEVELOPER_FRAMEWORKS_DIR)",
				);
				GCC_PRECOMPILE_PREFIX_HEADER = YES;
				GCC_PREFIX_HEADER = "iBAEN/iBAEN-Prefix.pch";
				INFOPLIST_FILE = "iBAENTests/iBAENTests-Info.plist";
				PRODUCT_NAME = "$(TARGET_NAME)";
				TEST_HOST = "$(BUNDLE_LOADER)";
				WRAPPER_EXTENSION = xctest;
			};
			name = Release;
		};
/* End XCBuildConfiguration section */

/* Begin XCConfigurationList section */
		EA4C9DC0192D97D6006D6B20 /* Build configuration list for PBXProject "iBAEN" */ = {
			isa = XCConfigurationList;
			buildConfigurations = (
				EA4C9DEF192D97D6006D6B20 /* Debug */,
				EA4C9DF0192D97D6006D6B20 /* Release */,
			);
			defaultConfigurationIsVisible = 0;
			defaultConfigurationName = Release;
		};
		EA4C9DF1192D97D6006D6B20 /* Build configuration list for PBXNativeTarget "iBAEN" */ = {
			isa = XCConfigurationList;
			buildConfigurations = (
				EA4C9DF2192D97D6006D6B20 /* Debug */,
				EA4C9DF3192D97D6006D6B20 /* Release */,
			);
			defaultConfigurationIsVisible = 0;
		};
		EA4C9DF4192D97D6006D6B20 /* Build configuration list for PBXNativeTarget "iBAENTests" */ = {
			isa = XCConfigurationList;
			buildConfigurations = (
				EA4C9DF5192D97D6006D6B20 /* Debug */,
				EA4C9DF6192D97D6006D6B20 /* Release */,
			);
			defaultConfigurationIsVisible = 0;
		};
/* End XCConfigurationList section */
	};
	rootObject = EA4C9DBD192D97D6006D6B20 /* Project object */;
}
